// !$*UTF8*$!
{
	archiveVersion = 1;
	classes = {
	};
	objectVersion = 46;
	objects = {

/* Begin PBXBuildFile section */
		182E19F51CE49941007C0A4E /* GDWTeachPictureCell.m in Sources */ = {isa = PBXBuildFile; fileRef = 182E19F31CE49941007C0A4E /* GDWTeachPictureCell.m */; };
		182E19F61CE49941007C0A4E /* GDWTeachPictureCell.xib in Resources */ = {isa = PBXBuildFile; fileRef = 182E19F41CE49941007C0A4E /* GDWTeachPictureCell.xib */; };
		183C42011CDED0A600ED20F3 /* DataTool.m in Sources */ = {isa = PBXBuildFile; fileRef = 183C42001CDED0A600ED20F3 /* DataTool.m */; };
		183C42051CDED1D600ED20F3 /* NSDictionary+JSON.m in Sources */ = {isa = PBXBuildFile; fileRef = 183C42041CDED1D600ED20F3 /* NSDictionary+JSON.m */; };
		183C42081CDED23200ED20F3 /* NSString+JSON.m in Sources */ = {isa = PBXBuildFile; fileRef = 183C42071CDED23200ED20F3 /* NSString+JSON.m */; };
		183C420A1CDED9FD00ED20F3 /* 钢琴课老师信息.plist in Resources */ = {isa = PBXBuildFile; fileRef = 183C42091CDED9FD00ED20F3 /* 钢琴课老师信息.plist */; };
		183C420D1CDF479500ED20F3 /* GDWTeacherModel.m in Sources */ = {isa = PBXBuildFile; fileRef = 183C420C1CDF479500ED20F3 /* GDWTeacherModel.m */; };
		183C420F1CDF528400ED20F3 /* 教学秀和推荐活动 in Resources */ = {isa = PBXBuildFile; fileRef = 183C420E1CDF528400ED20F3 /* 教学秀和推荐活动 */; };
		183C42111CDF53D400ED20F3 /* 教学秀和推荐活动.plist in Resources */ = {isa = PBXBuildFile; fileRef = 183C42101CDF53D400ED20F3 /* 教学秀和推荐活动.plist */; };
		183C42141CDF55B900ED20F3 /* GDWTeachPictureModel.m in Sources */ = {isa = PBXBuildFile; fileRef = 183C42131CDF55B900ED20F3 /* GDWTeachPictureModel.m */; };
		183C42171CDF578F00ED20F3 /* GDWEventModel.m in Sources */ = {isa = PBXBuildFile; fileRef = 183C42161CDF578F00ED20F3 /* GDWEventModel.m */; };
		18446C851D01D1C100323894 /* 教学点模型 in Resources */ = {isa = PBXBuildFile; fileRef = 18446C841D01D1C100323894 /* 教学点模型 */; };
		18446C881D01D44200323894 /* GDWTeachPositionModel.m in Sources */ = {isa = PBXBuildFile; fileRef = 18446C871D01D44200323894 /* GDWTeachPositionModel.m */; };
		18446C8A1D01D52800323894 /* 教学点模型.plist in Resources */ = {isa = PBXBuildFile; fileRef = 18446C891D01D52800323894 /* 教学点模型.plist */; };
		1860504B1CDC56EA00944E8A /* GDWTabBarController.m in Sources */ = {isa = PBXBuildFile; fileRef = 1860504A1CDC56EA00944E8A /* GDWTabBarController.m */; };
		1860504E1CDD841B00944E8A /* GDWHomeViewController.m in Sources */ = {isa = PBXBuildFile; fileRef = 1860504D1CDD841B00944E8A /* GDWHomeViewController.m */; };
		186050511CDD853300944E8A /* GDWTeachPositionController.m in Sources */ = {isa = PBXBuildFile; fileRef = 186050501CDD853300944E8A /* GDWTeachPositionController.m */; };
		186050541CDD856800944E8A /* GDWDiscoverController.m in Sources */ = {isa = PBXBuildFile; fileRef = 186050531CDD856800944E8A /* GDWDiscoverController.m */; };
		186050571CDD858300944E8A /* GDWMineController.m in Sources */ = {isa = PBXBuildFile; fileRef = 186050561CDD858300944E8A /* GDWMineController.m */; };
		1860505A1CDD85BA00944E8A /* GDWNavigationController.m in Sources */ = {isa = PBXBuildFile; fileRef = 186050591CDD85BA00944E8A /* GDWNavigationController.m */; };
		1860505D1CDDB7EA00944E8A /* GDWTabBar.m in Sources */ = {isa = PBXBuildFile; fileRef = 1860505C1CDDB7EA00944E8A /* GDWTabBar.m */; };
		186050601CDDB8E700944E8A /* GDWButton.m in Sources */ = {isa = PBXBuildFile; fileRef = 1860505F1CDDB8E700944E8A /* GDWButton.m */; };
		186050671CDDBECC00944E8A /* UIView+GDWViewGeometry.m in Sources */ = {isa = PBXBuildFile; fileRef = 186050661CDDBECC00944E8A /* UIView+GDWViewGeometry.m */; };
		1860506A1CDE4A8E00944E8A /* 钢琴课老师信息 in Resources */ = {isa = PBXBuildFile; fileRef = 186050691CDE4A8E00944E8A /* 钢琴课老师信息 */; };
		189FFCD41CE8C66C0021A377 /* GDWTeachPictureCollectionCell.m in Sources */ = {isa = PBXBuildFile; fileRef = 189FFCD31CE8C66C0021A377 /* GDWTeachPictureCollectionCell.m */; };
		18A57F311CDBA26B005BEE8C /* main.m in Sources */ = {isa = PBXBuildFile; fileRef = 18A57F301CDBA26B005BEE8C /* main.m */; };
		18A57F341CDBA26B005BEE8C /* AppDelegate.m in Sources */ = {isa = PBXBuildFile; fileRef = 18A57F331CDBA26B005BEE8C /* AppDelegate.m */; };
		18A57F371CDBA26B005BEE8C /* ViewController.m in Sources */ = {isa = PBXBuildFile; fileRef = 18A57F361CDBA26B005BEE8C /* ViewController.m */; };
		18A57F3A1CDBA26B005BEE8C /* Main.storyboard in Resources */ = {isa = PBXBuildFile; fileRef = 18A57F381CDBA26B005BEE8C /* Main.storyboard */; };
		18A57F3C1CDBA26B005BEE8C /* Assets.xcassets in Resources */ = {isa = PBXBuildFile; fileRef = 18A57F3B1CDBA26B005BEE8C /* Assets.xcassets */; };
		18A57F3F1CDBA26B005BEE8C /* LaunchScreen.storyboard in Resources */ = {isa = PBXBuildFile; fileRef = 18A57F3D1CDBA26B005BEE8C /* LaunchScreen.storyboard */; };
		18A57F4A1CDBA26B005BEE8C /* shijiaTests.m in Sources */ = {isa = PBXBuildFile; fileRef = 18A57F491CDBA26B005BEE8C /* shijiaTests.m */; };
		18A57F551CDBA26B005BEE8C /* shijiaUITests.m in Sources */ = {isa = PBXBuildFile; fileRef = 18A57F541CDBA26B005BEE8C /* shijiaUITests.m */; };
		18B409D31CED79F9008DA7C9 /* GDWConstant.m in Sources */ = {isa = PBXBuildFile; fileRef = 18B409D21CED79F9008DA7C9 /* GDWConstant.m */; };
		18B409D61CEDB172008DA7C9 /* GDWHeaderView.m in Sources */ = {isa = PBXBuildFile; fileRef = 18B409D51CEDB172008DA7C9 /* GDWHeaderView.m */; };
		18B409D81CEDB18B008DA7C9 /* GDWHeaderView.xib in Resources */ = {isa = PBXBuildFile; fileRef = 18B409D71CEDB18B008DA7C9 /* GDWHeaderView.xib */; };
		18B409DC1CEDBBEF008DA7C9 /* GDWImageDisplayView.m in Sources */ = {isa = PBXBuildFile; fileRef = 18B409DB1CEDBBEF008DA7C9 /* GDWImageDisplayView.m */; };
		18B409EE1CEDDD60008DA7C9 /* 图片轮播器 in Resources */ = {isa = PBXBuildFile; fileRef = 18B409ED1CEDDD60008DA7C9 /* 图片轮播器 */; };
		18B409F11CEDE09B008DA7C9 /* GDWCycPictureModel.m in Sources */ = {isa = PBXBuildFile; fileRef = 18B409F01CEDE09B008DA7C9 /* GDWCycPictureModel.m */; };
		18DA78351CEFE837005AC6E8 /* subjects.plist in Resources */ = {isa = PBXBuildFile; fileRef = 18DA78341CEFE837005AC6E8 /* subjects.plist */; };
		18DA78941CF06361005AC6E8 /* GDWButtonUpDown.m in Sources */ = {isa = PBXBuildFile; fileRef = 18DA78911CF06361005AC6E8 /* GDWButtonUpDown.m */; };
		18DA78951CF06361005AC6E8 /* GDWButtonView.m in Sources */ = {isa = PBXBuildFile; fileRef = 18DA78931CF06361005AC6E8 /* GDWButtonView.m */; };
		18DA78991CF08B8B005AC6E8 /* GDWWebViewController.m in Sources */ = {isa = PBXBuildFile; fileRef = 18DA78971CF08B8B005AC6E8 /* GDWWebViewController.m */; };
		18DA789A1CF08B8B005AC6E8 /* GDWWebViewController.xib in Resources */ = {isa = PBXBuildFile; fileRef = 18DA78981CF08B8B005AC6E8 /* GDWWebViewController.xib */; };
		18F2649E1CE2D95A0091B2FE /* GDWHomeTableHeaderView.m in Sources */ = {isa = PBXBuildFile; fileRef = 18F2649D1CE2D95A0091B2FE /* GDWHomeTableHeaderView.m */; };
		18F264A01CE2D9680091B2FE /* GDWHomeTableHeaderView.xib in Resources */ = {isa = PBXBuildFile; fileRef = 18F2649F1CE2D9680091B2FE /* GDWHomeTableHeaderView.xib */; };
		18F264A41CE2E3160091B2FE /* GDWEventCell.m in Sources */ = {isa = PBXBuildFile; fileRef = 18F264A21CE2E3160091B2FE /* GDWEventCell.m */; };
		18F264A51CE2E3160091B2FE /* GDWEventCell.xib in Resources */ = {isa = PBXBuildFile; fileRef = 18F264A31CE2E3160091B2FE /* GDWEventCell.xib */; };
		18F264A81CE3326D0091B2FE /* GDWButtonLeftRight.m in Sources */ = {isa = PBXBuildFile; fileRef = 18F264A71CE3326D0091B2FE /* GDWButtonLeftRight.m */; };
		ED12DA301A16BBE6FE454A12 /* libPods.a in Frameworks */ = {isa = PBXBuildFile; fileRef = E5BE102BF0AC00887AB28FD5 /* libPods.a */; };
/* End PBXBuildFile section */

/* Begin PBXContainerItemProxy section */
		18A57F461CDBA26B005BEE8C /* PBXContainerItemProxy */ = {
			isa = PBXContainerItemProxy;
			containerPortal = 18A57F241CDBA26B005BEE8C /* Project object */;
			proxyType = 1;
			remoteGlobalIDString = 18A57F2B1CDBA26B005BEE8C;
			remoteInfo = shijia;
		};
		18A57F511CDBA26B005BEE8C /* PBXContainerItemProxy */ = {
			isa = PBXContainerItemProxy;
			containerPortal = 18A57F241CDBA26B005BEE8C /* Project object */;
			proxyType = 1;
			remoteGlobalIDString = 18A57F2B1CDBA26B005BEE8C;
			remoteInfo = shijia;
		};
/* End PBXContainerItemProxy section */

/* Begin PBXFileReference section */
		182E19F21CE49941007C0A4E /* GDWTeachPictureCell.h */ = {isa = PBXFileReference; fileEncoding = 4; lastKnownFileType = sourcecode.c.h; path = GDWTeachPictureCell.h; sourceTree = "<group>"; };
		182E19F31CE49941007C0A4E /* GDWTeachPictureCell.m */ = {isa = PBXFileReference; fileEncoding = 4; lastKnownFileType = sourcecode.c.objc; path = GDWTeachPictureCell.m; sourceTree = "<group>"; };
		182E19F41CE49941007C0A4E /* GDWTeachPictureCell.xib */ = {isa = PBXFileReference; fileEncoding = 4; lastKnownFileType = file.xib; path = GDWTeachPictureCell.xib; sourceTree = "<group>"; };
		183C41FE1CDECF7600ED20F3 /* Single.h */ = {isa = PBXFileReference; fileEncoding = 4; lastKnownFileType = sourcecode.c.h; path = Single.h; sourceTree = "<group>"; };
		183C41FF1CDED0A600ED20F3 /* DataTool.h */ = {isa = PBXFileReference; fileEncoding = 4; lastKnownFileType = sourcecode.c.h; path = DataTool.h; sourceTree = "<group>"; };
		183C42001CDED0A600ED20F3 /* DataTool.m */ = {isa = PBXFileReference; fileEncoding = 4; lastKnownFileType = sourcecode.c.objc; path = DataTool.m; sourceTree = "<group>"; };
		183C42031CDED1D600ED20F3 /* NSDictionary+JSON.h */ = {isa = PBXFileReference; fileEncoding = 4; lastKnownFileType = sourcecode.c.h; path = "NSDictionary+JSON.h"; sourceTree = "<group>"; };
		183C42041CDED1D600ED20F3 /* NSDictionary+JSON.m */ = {isa = PBXFileReference; fileEncoding = 4; lastKnownFileType = sourcecode.c.objc; path = "NSDictionary+JSON.m"; sourceTree = "<group>"; };
		183C42061CDED23200ED20F3 /* NSString+JSON.h */ = {isa = PBXFileReference; fileEncoding = 4; lastKnownFileType = sourcecode.c.h; path = "NSString+JSON.h"; sourceTree = "<group>"; };
		183C42071CDED23200ED20F3 /* NSString+JSON.m */ = {isa = PBXFileReference; fileEncoding = 4; lastKnownFileType = sourcecode.c.objc; path = "NSString+JSON.m"; sourceTree = "<group>"; };
		183C42091CDED9FD00ED20F3 /* 钢琴课老师信息.plist */ = {isa = PBXFileReference; fileEncoding = 4; lastKnownFileType = text.plist.xml; path = "钢琴课老师信息.plist"; sourceTree = "<group>"; };
		183C420B1CDF479500ED20F3 /* GDWTeacherModel.h */ = {isa = PBXFileReference; fileEncoding = 4; lastKnownFileType = sourcecode.c.h; path = GDWTeacherModel.h; sourceTree = "<group>"; };
		183C420C1CDF479500ED20F3 /* GDWTeacherModel.m */ = {isa = PBXFileReference; fileEncoding = 4; lastKnownFileType = sourcecode.c.objc; path = GDWTeacherModel.m; sourceTree = "<group>"; };
		183C420E1CDF528400ED20F3 /* 教学秀和推荐活动 */ = {isa = PBXFileReference; fileEncoding = 4; lastKnownFileType = text; path = "教学秀和推荐活动"; sourceTree = "<group>"; };
		183C42101CDF53D400ED20F3 /* 教学秀和推荐活动.plist */ = {isa = PBXFileReference; fileEncoding = 4; lastKnownFileType = text.plist.xml; path = "教学秀和推荐活动.plist"; sourceTree = "<group>"; };
		183C42121CDF55B900ED20F3 /* GDWTeachPictureModel.h */ = {isa = PBXFileReference; fileEncoding = 4; lastKnownFileType = sourcecode.c.h; path = GDWTeachPictureModel.h; sourceTree = "<group>"; };
		183C42131CDF55B900ED20F3 /* GDWTeachPictureModel.m */ = {isa = PBXFileReference; fileEncoding = 4; lastKnownFileType = sourcecode.c.objc; path = GDWTeachPictureModel.m; sourceTree = "<group>"; };
		183C42151CDF578F00ED20F3 /* GDWEventModel.h */ = {isa = PBXFileReference; fileEncoding = 4; lastKnownFileType = sourcecode.c.h; path = GDWEventModel.h; sourceTree = "<group>"; };
		183C42161CDF578F00ED20F3 /* GDWEventModel.m */ = {isa = PBXFileReference; fileEncoding = 4; lastKnownFileType = sourcecode.c.objc; path = GDWEventModel.m; sourceTree = "<group>"; };
		18446C841D01D1C100323894 /* 教学点模型 */ = {isa = PBXFileReference; fileEncoding = 4; lastKnownFileType = text; path = "教学点模型"; sourceTree = "<group>"; };
		18446C861D01D44200323894 /* GDWTeachPositionModel.h */ = {isa = PBXFileReference; fileEncoding = 4; lastKnownFileType = sourcecode.c.h; path = GDWTeachPositionModel.h; sourceTree = "<group>"; };
		18446C871D01D44200323894 /* GDWTeachPositionModel.m */ = {isa = PBXFileReference; fileEncoding = 4; lastKnownFileType = sourcecode.c.objc; path = GDWTeachPositionModel.m; sourceTree = "<group>"; };
		18446C891D01D52800323894 /* 教学点模型.plist */ = {isa = PBXFileReference; fileEncoding = 4; lastKnownFileType = text.plist.xml; path = "教学点模型.plist"; sourceTree = "<group>"; };
		186050491CDC56EA00944E8A /* GDWTabBarController.h */ = {isa = PBXFileReference; fileEncoding = 4; lastKnownFileType = sourcecode.c.h; path = GDWTabBarController.h; sourceTree = "<group>"; };
		1860504A1CDC56EA00944E8A /* GDWTabBarController.m */ = {isa = PBXFileReference; fileEncoding = 4; lastKnownFileType = sourcecode.c.objc; path = GDWTabBarController.m; sourceTree = "<group>"; };
		1860504C1CDD841B00944E8A /* GDWHomeViewController.h */ = {isa = PBXFileReference; fileEncoding = 4; lastKnownFileType = sourcecode.c.h; path = GDWHomeViewController.h; sourceTree = "<group>"; };
		1860504D1CDD841B00944E8A /* GDWHomeViewController.m */ = {isa = PBXFileReference; fileEncoding = 4; lastKnownFileType = sourcecode.c.objc; path = GDWHomeViewController.m; sourceTree = "<group>"; };
		1860504F1CDD853300944E8A /* GDWTeachPositionController.h */ = {isa = PBXFileReference; fileEncoding = 4; lastKnownFileType = sourcecode.c.h; path = GDWTeachPositionController.h; sourceTree = "<group>"; };
		186050501CDD853300944E8A /* GDWTeachPositionController.m */ = {isa = PBXFileReference; fileEncoding = 4; lastKnownFileType = sourcecode.c.objc; path = GDWTeachPositionController.m; sourceTree = "<group>"; };
		186050521CDD856800944E8A /* GDWDiscoverController.h */ = {isa = PBXFileReference; fileEncoding = 4; lastKnownFileType = sourcecode.c.h; path = GDWDiscoverController.h; sourceTree = "<group>"; };
		186050531CDD856800944E8A /* GDWDiscoverController.m */ = {isa = PBXFileReference; fileEncoding = 4; lastKnownFileType = sourcecode.c.objc; path = GDWDiscoverController.m; sourceTree = "<group>"; };
		186050551CDD858300944E8A /* GDWMineController.h */ = {isa = PBXFileReference; fileEncoding = 4; lastKnownFileType = sourcecode.c.h; path = GDWMineController.h; sourceTree = "<group>"; };
		186050561CDD858300944E8A /* GDWMineController.m */ = {isa = PBXFileReference; fileEncoding = 4; lastKnownFileType = sourcecode.c.objc; path = GDWMineController.m; sourceTree = "<group>"; };
		186050581CDD85BA00944E8A /* GDWNavigationController.h */ = {isa = PBXFileReference; fileEncoding = 4; lastKnownFileType = sourcecode.c.h; path = GDWNavigationController.h; sourceTree = "<group>"; };
		186050591CDD85BA00944E8A /* GDWNavigationController.m */ = {isa = PBXFileReference; fileEncoding = 4; lastKnownFileType = sourcecode.c.objc; path = GDWNavigationController.m; sourceTree = "<group>"; };
		1860505B1CDDB7EA00944E8A /* GDWTabBar.h */ = {isa = PBXFileReference; fileEncoding = 4; lastKnownFileType = sourcecode.c.h; path = GDWTabBar.h; sourceTree = "<group>"; };
		1860505C1CDDB7EA00944E8A /* GDWTabBar.m */ = {isa = PBXFileReference; fileEncoding = 4; lastKnownFileType = sourcecode.c.objc; path = GDWTabBar.m; sourceTree = "<group>"; };
		1860505E1CDDB8E700944E8A /* GDWButton.h */ = {isa = PBXFileReference; fileEncoding = 4; lastKnownFileType = sourcecode.c.h; path = GDWButton.h; sourceTree = "<group>"; };
		1860505F1CDDB8E700944E8A /* GDWButton.m */ = {isa = PBXFileReference; fileEncoding = 4; lastKnownFileType = sourcecode.c.objc; path = GDWButton.m; sourceTree = "<group>"; };
		186050651CDDBECC00944E8A /* UIView+GDWViewGeometry.h */ = {isa = PBXFileReference; fileEncoding = 4; lastKnownFileType = sourcecode.c.h; path = "UIView+GDWViewGeometry.h"; sourceTree = "<group>"; };
		186050661CDDBECC00944E8A /* UIView+GDWViewGeometry.m */ = {isa = PBXFileReference; fileEncoding = 4; lastKnownFileType = sourcecode.c.objc; path = "UIView+GDWViewGeometry.m"; sourceTree = "<group>"; };
		186050681CDDBF4300944E8A /* PrefixHeader.pch */ = {isa = PBXFileReference; fileEncoding = 4; lastKnownFileType = sourcecode.c.h; path = PrefixHeader.pch; sourceTree = "<group>"; };
		186050691CDE4A8E00944E8A /* 钢琴课老师信息 */ = {isa = PBXFileReference; fileEncoding = 4; lastKnownFileType = text; name = "钢琴课老师信息"; path = "../../../controller/钢琴课老师信息"; sourceTree = "<group>"; };
		189FFCD21CE8C66C0021A377 /* GDWTeachPictureCollectionCell.h */ = {isa = PBXFileReference; fileEncoding = 4; lastKnownFileType = sourcecode.c.h; path = GDWTeachPictureCollectionCell.h; sourceTree = "<group>"; };
		189FFCD31CE8C66C0021A377 /* GDWTeachPictureCollectionCell.m */ = {isa = PBXFileReference; fileEncoding = 4; lastKnownFileType = sourcecode.c.objc; path = GDWTeachPictureCollectionCell.m; sourceTree = "<group>"; };
		18A57F2C1CDBA26B005BEE8C /* shijia.app */ = {isa = PBXFileReference; explicitFileType = wrapper.application; includeInIndex = 0; path = shijia.app; sourceTree = BUILT_PRODUCTS_DIR; };
		18A57F301CDBA26B005BEE8C /* main.m */ = {isa = PBXFileReference; lastKnownFileType = sourcecode.c.objc; path = main.m; sourceTree = "<group>"; };
		18A57F321CDBA26B005BEE8C /* AppDelegate.h */ = {isa = PBXFileReference; lastKnownFileType = sourcecode.c.h; path = AppDelegate.h; sourceTree = "<group>"; };
		18A57F331CDBA26B005BEE8C /* AppDelegate.m */ = {isa = PBXFileReference; lastKnownFileType = sourcecode.c.objc; path = AppDelegate.m; sourceTree = "<group>"; };
		18A57F351CDBA26B005BEE8C /* ViewController.h */ = {isa = PBXFileReference; lastKnownFileType = sourcecode.c.h; path = ViewController.h; sourceTree = "<group>"; };
		18A57F361CDBA26B005BEE8C /* ViewController.m */ = {isa = PBXFileReference; lastKnownFileType = sourcecode.c.objc; path = ViewController.m; sourceTree = "<group>"; };
		18A57F391CDBA26B005BEE8C /* Base */ = {isa = PBXFileReference; lastKnownFileType = file.storyboard; name = Base; path = Base.lproj/Main.storyboard; sourceTree = "<group>"; };
		18A57F3B1CDBA26B005BEE8C /* Assets.xcassets */ = {isa = PBXFileReference; lastKnownFileType = folder.assetcatalog; path = Assets.xcassets; sourceTree = "<group>"; };
		18A57F3E1CDBA26B005BEE8C /* Base */ = {isa = PBXFileReference; lastKnownFileType = file.storyboard; name = Base; path = Base.lproj/LaunchScreen.storyboard; sourceTree = "<group>"; };
		18A57F401CDBA26B005BEE8C /* Info.plist */ = {isa = PBXFileReference; lastKnownFileType = text.plist.xml; path = Info.plist; sourceTree = "<group>"; };
		18A57F451CDBA26B005BEE8C /* shijiaTests.xctest */ = {isa = PBXFileReference; explicitFileType = wrapper.cfbundle; includeInIndex = 0; path = shijiaTests.xctest; sourceTree = BUILT_PRODUCTS_DIR; };
		18A57F491CDBA26B005BEE8C /* shijiaTests.m */ = {isa = PBXFileReference; lastKnownFileType = sourcecode.c.objc; path = shijiaTests.m; sourceTree = "<group>"; };
		18A57F4B1CDBA26B005BEE8C /* Info.plist */ = {isa = PBXFileReference; lastKnownFileType = text.plist.xml; path = Info.plist; sourceTree = "<group>"; };
		18A57F501CDBA26B005BEE8C /* shijiaUITests.xctest */ = {isa = PBXFileReference; explicitFileType = wrapper.cfbundle; includeInIndex = 0; path = shijiaUITests.xctest; sourceTree = BUILT_PRODUCTS_DIR; };
		18A57F541CDBA26B005BEE8C /* shijiaUITests.m */ = {isa = PBXFileReference; lastKnownFileType = sourcecode.c.objc; path = shijiaUITests.m; sourceTree = "<group>"; };
		18A57F561CDBA26B005BEE8C /* Info.plist */ = {isa = PBXFileReference; lastKnownFileType = text.plist.xml; path = Info.plist; sourceTree = "<group>"; };
		18B409D11CED79F9008DA7C9 /* GDWConstant.h */ = {isa = PBXFileReference; fileEncoding = 4; lastKnownFileType = sourcecode.c.h; path = GDWConstant.h; sourceTree = "<group>"; };
		18B409D21CED79F9008DA7C9 /* GDWConstant.m */ = {isa = PBXFileReference; fileEncoding = 4; lastKnownFileType = sourcecode.c.objc; path = GDWConstant.m; sourceTree = "<group>"; };
		18B409D41CEDB172008DA7C9 /* GDWHeaderView.h */ = {isa = PBXFileReference; fileEncoding = 4; lastKnownFileType = sourcecode.c.h; name = GDWHeaderView.h; path = ../GDWHeaderView.h; sourceTree = "<group>"; };
		18B409D51CEDB172008DA7C9 /* GDWHeaderView.m */ = {isa = PBXFileReference; fileEncoding = 4; lastKnownFileType = sourcecode.c.objc; name = GDWHeaderView.m; path = ../GDWHeaderView.m; sourceTree = "<group>"; };
		18B409D71CEDB18B008DA7C9 /* GDWHeaderView.xib */ = {isa = PBXFileReference; fileEncoding = 4; lastKnownFileType = file.xib; name = GDWHeaderView.xib; path = ../GDWHeaderView.xib; sourceTree = "<group>"; };
		18B409DA1CEDBBEF008DA7C9 /* GDWImageDisplayView.h */ = {isa = PBXFileReference; fileEncoding = 4; lastKnownFileType = sourcecode.c.h; path = GDWImageDisplayView.h; sourceTree = "<group>"; };
		18B409DB1CEDBBEF008DA7C9 /* GDWImageDisplayView.m */ = {isa = PBXFileReference; fileEncoding = 4; lastKnownFileType = sourcecode.c.objc; path = GDWImageDisplayView.m; sourceTree = "<group>"; };
		18B409ED1CEDDD60008DA7C9 /* 图片轮播器 */ = {isa = PBXFileReference; fileEncoding = 4; lastKnownFileType = text; path = "图片轮播器"; sourceTree = "<group>"; };
		18B409EF1CEDE09B008DA7C9 /* GDWCycPictureModel.h */ = {isa = PBXFileReference; fileEncoding = 4; lastKnownFileType = sourcecode.c.h; path = GDWCycPictureModel.h; sourceTree = "<group>"; };
		18B409F01CEDE09B008DA7C9 /* GDWCycPictureModel.m */ = {isa = PBXFileReference; fileEncoding = 4; lastKnownFileType = sourcecode.c.objc; path = GDWCycPictureModel.m; sourceTree = "<group>"; };
		18DA78341CEFE837005AC6E8 /* subjects.plist */ = {isa = PBXFileReference; fileEncoding = 4; lastKnownFileType = text.plist.xml; path = subjects.plist; sourceTree = "<group>"; };
		18DA78901CF06361005AC6E8 /* GDWButtonUpDown.h */ = {isa = PBXFileReference; fileEncoding = 4; lastKnownFileType = sourcecode.c.h; path = GDWButtonUpDown.h; sourceTree = "<group>"; };
		18DA78911CF06361005AC6E8 /* GDWButtonUpDown.m */ = {isa = PBXFileReference; fileEncoding = 4; lastKnownFileType = sourcecode.c.objc; path = GDWButtonUpDown.m; sourceTree = "<group>"; };
		18DA78921CF06361005AC6E8 /* GDWButtonView.h */ = {isa = PBXFileReference; fileEncoding = 4; lastKnownFileType = sourcecode.c.h; path = GDWButtonView.h; sourceTree = "<group>"; };
		18DA78931CF06361005AC6E8 /* GDWButtonView.m */ = {isa = PBXFileReference; fileEncoding = 4; lastKnownFileType = sourcecode.c.objc; path = GDWButtonView.m; sourceTree = "<group>"; };
		18DA78961CF08B8B005AC6E8 /* GDWWebViewController.h */ = {isa = PBXFileReference; fileEncoding = 4; lastKnownFileType = sourcecode.c.h; path = GDWWebViewController.h; sourceTree = "<group>"; };
		18DA78971CF08B8B005AC6E8 /* GDWWebViewController.m */ = {isa = PBXFileReference; fileEncoding = 4; lastKnownFileType = sourcecode.c.objc; path = GDWWebViewController.m; sourceTree = "<group>"; };
		18DA78981CF08B8B005AC6E8 /* GDWWebViewController.xib */ = {isa = PBXFileReference; fileEncoding = 4; lastKnownFileType = file.xib; path = GDWWebViewController.xib; sourceTree = "<group>"; };
		18F2649C1CE2D95A0091B2FE /* GDWHomeTableHeaderView.h */ = {isa = PBXFileReference; fileEncoding = 4; lastKnownFileType = sourcecode.c.h; path = GDWHomeTableHeaderView.h; sourceTree = "<group>"; };
		18F2649D1CE2D95A0091B2FE /* GDWHomeTableHeaderView.m */ = {isa = PBXFileReference; fileEncoding = 4; lastKnownFileType = sourcecode.c.objc; path = GDWHomeTableHeaderView.m; sourceTree = "<group>"; };
		18F2649F1CE2D9680091B2FE /* GDWHomeTableHeaderView.xib */ = {isa = PBXFileReference; fileEncoding = 4; lastKnownFileType = file.xib; path = GDWHomeTableHeaderView.xib; sourceTree = "<group>"; };
		18F264A11CE2E3160091B2FE /* GDWEventCell.h */ = {isa = PBXFileReference; fileEncoding = 4; lastKnownFileType = sourcecode.c.h; path = GDWEventCell.h; sourceTree = "<group>"; };
		18F264A21CE2E3160091B2FE /* GDWEventCell.m */ = {isa = PBXFileReference; fileEncoding = 4; lastKnownFileType = sourcecode.c.objc; path = GDWEventCell.m; sourceTree = "<group>"; };
		18F264A31CE2E3160091B2FE /* GDWEventCell.xib */ = {isa = PBXFileReference; fileEncoding = 4; lastKnownFileType = file.xib; path = GDWEventCell.xib; sourceTree = "<group>"; };
		18F264A61CE3326D0091B2FE /* GDWButtonLeftRight.h */ = {isa = PBXFileReference; fileEncoding = 4; lastKnownFileType = sourcecode.c.h; path = GDWButtonLeftRight.h; sourceTree = "<group>"; };
		18F264A71CE3326D0091B2FE /* GDWButtonLeftRight.m */ = {isa = PBXFileReference; fileEncoding = 4; lastKnownFileType = sourcecode.c.objc; path = GDWButtonLeftRight.m; sourceTree = "<group>"; };
		D8A31BD41DF6E02262D1A726 /* Pods.debug.xcconfig */ = {isa = PBXFileReference; includeInIndex = 1; lastKnownFileType = text.xcconfig; name = Pods.debug.xcconfig; path = "Pods/Target Support Files/Pods/Pods.debug.xcconfig"; sourceTree = "<group>"; };
		E5BE102BF0AC00887AB28FD5 /* libPods.a */ = {isa = PBXFileReference; explicitFileType = archive.ar; includeInIndex = 0; path = libPods.a; sourceTree = BUILT_PRODUCTS_DIR; };
		F06F4EA83DB45CB7F672826F /* Pods.release.xcconfig */ = {isa = PBXFileReference; includeInIndex = 1; lastKnownFileType = text.xcconfig; name = Pods.release.xcconfig; path = "Pods/Target Support Files/Pods/Pods.release.xcconfig"; sourceTree = "<group>"; };
/* End PBXFileReference section */

/* Begin PBXFrameworksBuildPhase section */
		18A57F291CDBA26B005BEE8C /* Frameworks */ = {
			isa = PBXFrameworksBuildPhase;
			buildActionMask = 2147483647;
			files = (
				ED12DA301A16BBE6FE454A12 /* libPods.a in Frameworks */,
			);
			runOnlyForDeploymentPostprocessing = 0;
		};
		18A57F421CDBA26B005BEE8C /* Frameworks */ = {
			isa = PBXFrameworksBuildPhase;
			buildActionMask = 2147483647;
			files = (
			);
			runOnlyForDeploymentPostprocessing = 0;
		};
		18A57F4D1CDBA26B005BEE8C /* Frameworks */ = {
			isa = PBXFrameworksBuildPhase;
			buildActionMask = 2147483647;
			files = (
			);
			runOnlyForDeploymentPostprocessing = 0;
		};
/* End PBXFrameworksBuildPhase section */

/* Begin PBXGroup section */
		183C41FD1CDECD6A00ED20F3 /* tool */ = {
			isa = PBXGroup;
			children = (
				183C41FE1CDECF7600ED20F3 /* Single.h */,
				183C41FF1CDED0A600ED20F3 /* DataTool.h */,
				183C42001CDED0A600ED20F3 /* DataTool.m */,
			);
			path = tool;
			sourceTree = "<group>";
		};
		183C42021CDED14A00ED20F3 /* dataSource */ = {
			isa = PBXGroup;
			children = (
				183C42091CDED9FD00ED20F3 /* 钢琴课老师信息.plist */,
				186050691CDE4A8E00944E8A /* 钢琴课老师信息 */,
				183C420E1CDF528400ED20F3 /* 教学秀和推荐活动 */,
				183C42101CDF53D400ED20F3 /* 教学秀和推荐活动.plist */,
				18B409ED1CEDDD60008DA7C9 /* 图片轮播器 */,
				18DA78341CEFE837005AC6E8 /* subjects.plist */,
				18446C841D01D1C100323894 /* 教学点模型 */,
				18446C891D01D52800323894 /* 教学点模型.plist */,
			);
			path = dataSource;
			sourceTree = "<group>";
		};
		186050341CDC31C800944E8A /* classes */ = {
			isa = PBXGroup;
			children = (
				186050391CDC31C800944E8A /* 我的 */,
				186050351CDC31C800944E8A /* 发现 */,
				1860503D1CDC31C800944E8A /* 教学点 */,
				186050411CDC31C800944E8A /* 首页 */,
				186050451CDC52FA00944E8A /* main */,
				186050611CDDBE9300944E8A /* other */,
			);
			path = classes;
			sourceTree = "<group>";
		};
		186050351CDC31C800944E8A /* 发现 */ = {
			isa = PBXGroup;
			children = (
				186050361CDC31C800944E8A /* controller */,
				186050371CDC31C800944E8A /* model */,
				186050381CDC31C800944E8A /* view */,
			);
			path = "发现";
			sourceTree = "<group>";
		};
		186050361CDC31C800944E8A /* controller */ = {
			isa = PBXGroup;
			children = (
				186050521CDD856800944E8A /* GDWDiscoverController.h */,
				186050531CDD856800944E8A /* GDWDiscoverController.m */,
			);
			path = controller;
			sourceTree = "<group>";
		};
		186050371CDC31C800944E8A /* model */ = {
			isa = PBXGroup;
			children = (
			);
			path = model;
			sourceTree = "<group>";
		};
		186050381CDC31C800944E8A /* view */ = {
			isa = PBXGroup;
			children = (
			);
			path = view;
			sourceTree = "<group>";
		};
		186050391CDC31C800944E8A /* 我的 */ = {
			isa = PBXGroup;
			children = (
				1860503A1CDC31C800944E8A /* controller */,
				1860503B1CDC31C800944E8A /* model */,
				1860503C1CDC31C800944E8A /* view */,
			);
			path = "我的";
			sourceTree = "<group>";
		};
		1860503A1CDC31C800944E8A /* controller */ = {
			isa = PBXGroup;
			children = (
				186050551CDD858300944E8A /* GDWMineController.h */,
				186050561CDD858300944E8A /* GDWMineController.m */,
			);
			path = controller;
			sourceTree = "<group>";
		};
		1860503B1CDC31C800944E8A /* model */ = {
			isa = PBXGroup;
			children = (
			);
			path = model;
			sourceTree = "<group>";
		};
		1860503C1CDC31C800944E8A /* view */ = {
			isa = PBXGroup;
			children = (
			);
			path = view;
			sourceTree = "<group>";
		};
		1860503D1CDC31C800944E8A /* 教学点 */ = {
			isa = PBXGroup;
			children = (
				1860503E1CDC31C800944E8A /* controller */,
				1860503F1CDC31C800944E8A /* model */,
				186050401CDC31C800944E8A /* view */,
			);
			path = "教学点";
			sourceTree = "<group>";
		};
		1860503E1CDC31C800944E8A /* controller */ = {
			isa = PBXGroup;
			children = (
				1860504F1CDD853300944E8A /* GDWTeachPositionController.h */,
				186050501CDD853300944E8A /* GDWTeachPositionController.m */,
			);
			path = controller;
			sourceTree = "<group>";
		};
		1860503F1CDC31C800944E8A /* model */ = {
			isa = PBXGroup;
			children = (
			);
			path = model;
			sourceTree = "<group>";
		};
		186050401CDC31C800944E8A /* view */ = {
			isa = PBXGroup;
			children = (
			);
			path = view;
			sourceTree = "<group>";
		};
		186050411CDC31C800944E8A /* 首页 */ = {
			isa = PBXGroup;
			children = (
				186050431CDC31C800944E8A /* model */,
				186050441CDC31C800944E8A /* view */,
				186050421CDC31C800944E8A /* controller */,
			);
			path = "首页";
			sourceTree = "<group>";
		};
		186050421CDC31C800944E8A /* controller */ = {
			isa = PBXGroup;
			children = (
				1860504C1CDD841B00944E8A /* GDWHomeViewController.h */,
				1860504D1CDD841B00944E8A /* GDWHomeViewController.m */,
				18DA78961CF08B8B005AC6E8 /* GDWWebViewController.h */,
				18DA78971CF08B8B005AC6E8 /* GDWWebViewController.m */,
				18DA78981CF08B8B005AC6E8 /* GDWWebViewController.xib */,
			);
			path = controller;
			sourceTree = "<group>";
		};
		186050431CDC31C800944E8A /* model */ = {
			isa = PBXGroup;
			children = (
				183C420B1CDF479500ED20F3 /* GDWTeacherModel.h */,
				183C420C1CDF479500ED20F3 /* GDWTeacherModel.m */,
				183C42121CDF55B900ED20F3 /* GDWTeachPictureModel.h */,
				183C42131CDF55B900ED20F3 /* GDWTeachPictureModel.m */,
				183C42151CDF578F00ED20F3 /* GDWEventModel.h */,
				183C42161CDF578F00ED20F3 /* GDWEventModel.m */,
				18B409EF1CEDE09B008DA7C9 /* GDWCycPictureModel.h */,
				18B409F01CEDE09B008DA7C9 /* GDWCycPictureModel.m */,
				18446C861D01D44200323894 /* GDWTeachPositionModel.h */,
				18446C871D01D44200323894 /* GDWTeachPositionModel.m */,
			);
			path = model;
			sourceTree = "<group>";
		};
		186050441CDC31C800944E8A /* view */ = {
			isa = PBXGroup;
			children = (
				18B409D91CEDB9B5008DA7C9 /* 头部view */,
				18F264A61CE3326D0091B2FE /* GDWButtonLeftRight.h */,
				18F264A71CE3326D0091B2FE /* GDWButtonLeftRight.m */,
				18F2649C1CE2D95A0091B2FE /* GDWHomeTableHeaderView.h */,
				18F2649D1CE2D95A0091B2FE /* GDWHomeTableHeaderView.m */,
				18F2649F1CE2D9680091B2FE /* GDWHomeTableHeaderView.xib */,
				18F264A11CE2E3160091B2FE /* GDWEventCell.h */,
				18F264A21CE2E3160091B2FE /* GDWEventCell.m */,
				18F264A31CE2E3160091B2FE /* GDWEventCell.xib */,
				182E19F21CE49941007C0A4E /* GDWTeachPictureCell.h */,
				182E19F31CE49941007C0A4E /* GDWTeachPictureCell.m */,
				182E19F41CE49941007C0A4E /* GDWTeachPictureCell.xib */,
				189FFCD21CE8C66C0021A377 /* GDWTeachPictureCollectionCell.h */,
				189FFCD31CE8C66C0021A377 /* GDWTeachPictureCollectionCell.m */,
			);
			path = view;
			sourceTree = "<group>";
		};
		186050451CDC52FA00944E8A /* main */ = {
			isa = PBXGroup;
			children = (
				186050461CDC52FA00944E8A /* controller */,
				186050471CDC52FA00944E8A /* model */,
				186050481CDC52FA00944E8A /* view */,
			);
			name = main;
			path = "首页/main";
			sourceTree = "<group>";
		};
		186050461CDC52FA00944E8A /* controller */ = {
			isa = PBXGroup;
			children = (
				186050491CDC56EA00944E8A /* GDWTabBarController.h */,
				1860504A1CDC56EA00944E8A /* GDWTabBarController.m */,
				186050581CDD85BA00944E8A /* GDWNavigationController.h */,
				186050591CDD85BA00944E8A /* GDWNavigationController.m */,
			);
			path = controller;
			sourceTree = "<group>";
		};
		186050471CDC52FA00944E8A /* model */ = {
			isa = PBXGroup;
			children = (
			);
			path = model;
			sourceTree = "<group>";
		};
		186050481CDC52FA00944E8A /* view */ = {
			isa = PBXGroup;
			children = (
				1860505B1CDDB7EA00944E8A /* GDWTabBar.h */,
				1860505C1CDDB7EA00944E8A /* GDWTabBar.m */,
				1860505E1CDDB8E700944E8A /* GDWButton.h */,
				1860505F1CDDB8E700944E8A /* GDWButton.m */,
			);
			path = view;
			sourceTree = "<group>";
		};
		186050611CDDBE9300944E8A /* other */ = {
			isa = PBXGroup;
			children = (
				183C42021CDED14A00ED20F3 /* dataSource */,
				183C41FD1CDECD6A00ED20F3 /* tool */,
				186050621CDDBE9300944E8A /* category */,
				186050631CDDBE9300944E8A /* constant */,
				186050641CDDBE9300944E8A /* lib */,
			);
			name = other;
			path = "首页/main/other";
			sourceTree = "<group>";
		};
		186050621CDDBE9300944E8A /* category */ = {
			isa = PBXGroup;
			children = (
				186050651CDDBECC00944E8A /* UIView+GDWViewGeometry.h */,
				186050661CDDBECC00944E8A /* UIView+GDWViewGeometry.m */,
				183C42031CDED1D600ED20F3 /* NSDictionary+JSON.h */,
				183C42041CDED1D600ED20F3 /* NSDictionary+JSON.m */,
				183C42061CDED23200ED20F3 /* NSString+JSON.h */,
				183C42071CDED23200ED20F3 /* NSString+JSON.m */,
			);
			path = category;
			sourceTree = "<group>";
		};
		186050631CDDBE9300944E8A /* constant */ = {
			isa = PBXGroup;
			children = (
				18B409D11CED79F9008DA7C9 /* GDWConstant.h */,
				18B409D21CED79F9008DA7C9 /* GDWConstant.m */,
			);
			path = constant;
			sourceTree = "<group>";
		};
		186050641CDDBE9300944E8A /* lib */ = {
			isa = PBXGroup;
			children = (
			);
			path = lib;
			sourceTree = "<group>";
		};
		18A57F231CDBA26B005BEE8C = {
			isa = PBXGroup;
			children = (
				18A57F2E1CDBA26B005BEE8C /* shijia */,
				18A57F481CDBA26B005BEE8C /* shijiaTests */,
				18A57F531CDBA26B005BEE8C /* shijiaUITests */,
				18A57F2D1CDBA26B005BEE8C /* Products */,
				AED625459CD301C83A9FA2A7 /* Pods */,
				DC00E49AEB881F457CF1DD87 /* Frameworks */,
			);
			sourceTree = "<group>";
		};
		18A57F2D1CDBA26B005BEE8C /* Products */ = {
			isa = PBXGroup;
			children = (
				18A57F2C1CDBA26B005BEE8C /* shijia.app */,
				18A57F451CDBA26B005BEE8C /* shijiaTests.xctest */,
				18A57F501CDBA26B005BEE8C /* shijiaUITests.xctest */,
			);
			name = Products;
			sourceTree = "<group>";
		};
		18A57F2E1CDBA26B005BEE8C /* shijia */ = {
			isa = PBXGroup;
			children = (
				186050341CDC31C800944E8A /* classes */,
				18A57F321CDBA26B005BEE8C /* AppDelegate.h */,
				18A57F331CDBA26B005BEE8C /* AppDelegate.m */,
				18A57F351CDBA26B005BEE8C /* ViewController.h */,
				18A57F361CDBA26B005BEE8C /* ViewController.m */,
				186050681CDDBF4300944E8A /* PrefixHeader.pch */,
				18A57F381CDBA26B005BEE8C /* Main.storyboard */,
				18A57F3B1CDBA26B005BEE8C /* Assets.xcassets */,
				18A57F3D1CDBA26B005BEE8C /* LaunchScreen.storyboard */,
				18A57F401CDBA26B005BEE8C /* Info.plist */,
				18A57F2F1CDBA26B005BEE8C /* Supporting Files */,
			);
			path = shijia;
			sourceTree = "<group>";
		};
		18A57F2F1CDBA26B005BEE8C /* Supporting Files */ = {
			isa = PBXGroup;
			children = (
				18A57F301CDBA26B005BEE8C /* main.m */,
			);
			name = "Supporting Files";
			sourceTree = "<group>";
		};
		18A57F481CDBA26B005BEE8C /* shijiaTests */ = {
			isa = PBXGroup;
			children = (
				18A57F491CDBA26B005BEE8C /* shijiaTests.m */,
				18A57F4B1CDBA26B005BEE8C /* Info.plist */,
			);
			path = shijiaTests;
			sourceTree = "<group>";
		};
		18A57F531CDBA26B005BEE8C /* shijiaUITests */ = {
			isa = PBXGroup;
			children = (
				18A57F541CDBA26B005BEE8C /* shijiaUITests.m */,
				18A57F561CDBA26B005BEE8C /* Info.plist */,
			);
			path = shijiaUITests;
			sourceTree = "<group>";
		};
		18B409D91CEDB9B5008DA7C9 /* 头部view */ = {
			isa = PBXGroup;
			children = (
				18B409D41CEDB172008DA7C9 /* GDWHeaderView.h */,
				18B409D51CEDB172008DA7C9 /* GDWHeaderView.m */,
				18B409D71CEDB18B008DA7C9 /* GDWHeaderView.xib */,
				18B409DA1CEDBBEF008DA7C9 /* GDWImageDisplayView.h */,
				18B409DB1CEDBBEF008DA7C9 /* GDWImageDisplayView.m */,
				18DA78921CF06361005AC6E8 /* GDWButtonView.h */,
				18DA78931CF06361005AC6E8 /* GDWButtonView.m */,
				18DA78901CF06361005AC6E8 /* GDWButtonUpDown.h */,
				18DA78911CF06361005AC6E8 /* GDWButtonUpDown.m */,
			);
			path = "头部view";
			sourceTree = "<group>";
		};
		AED625459CD301C83A9FA2A7 /* Pods */ = {
			isa = PBXGroup;
			children = (
				D8A31BD41DF6E02262D1A726 /* Pods.debug.xcconfig */,
				F06F4EA83DB45CB7F672826F /* Pods.release.xcconfig */,
			);
			name = Pods;
			sourceTree = "<group>";
		};
		DC00E49AEB881F457CF1DD87 /* Frameworks */ = {
			isa = PBXGroup;
			children = (
				E5BE102BF0AC00887AB28FD5 /* libPods.a */,
			);
			name = Frameworks;
			sourceTree = "<group>";
		};
/* End PBXGroup section */

/* Begin PBXNativeTarget section */
		18A57F2B1CDBA26B005BEE8C /* shijia */ = {
			isa = PBXNativeTarget;
			buildConfigurationList = 18A57F591CDBA26B005BEE8C /* Build configuration list for PBXNativeTarget "shijia" */;
			buildPhases = (
				345096355CDDB349B114A525 /* Check Pods Manifest.lock */,
				18A57F281CDBA26B005BEE8C /* Sources */,
				18A57F291CDBA26B005BEE8C /* Frameworks */,
				18A57F2A1CDBA26B005BEE8C /* Resources */,
				177C65C1BA34A3AB08DCCAA9 /* Embed Pods Frameworks */,
				F51CADEAA8397E3A5293825F /* Copy Pods Resources */,
			);
			buildRules = (
			);
			dependencies = (
			);
			name = shijia;
			productName = shijia;
			productReference = 18A57F2C1CDBA26B005BEE8C /* shijia.app */;
			productType = "com.apple.product-type.application";
		};
		18A57F441CDBA26B005BEE8C /* shijiaTests */ = {
			isa = PBXNativeTarget;
			buildConfigurationList = 18A57F5C1CDBA26B005BEE8C /* Build configuration list for PBXNativeTarget "shijiaTests" */;
			buildPhases = (
				18A57F411CDBA26B005BEE8C /* Sources */,
				18A57F421CDBA26B005BEE8C /* Frameworks */,
				18A57F431CDBA26B005BEE8C /* Resources */,
			);
			buildRules = (
			);
			dependencies = (
				18A57F471CDBA26B005BEE8C /* PBXTargetDependency */,
			);
			name = shijiaTests;
			productName = shijiaTests;
			productReference = 18A57F451CDBA26B005BEE8C /* shijiaTests.xctest */;
			productType = "com.apple.product-type.bundle.unit-test";
		};
		18A57F4F1CDBA26B005BEE8C /* shijiaUITests */ = {
			isa = PBXNativeTarget;
			buildConfigurationList = 18A57F5F1CDBA26B005BEE8C /* Build configuration list for PBXNativeTarget "shijiaUITests" */;
			buildPhases = (
				18A57F4C1CDBA26B005BEE8C /* Sources */,
				18A57F4D1CDBA26B005BEE8C /* Frameworks */,
				18A57F4E1CDBA26B005BEE8C /* Resources */,
			);
			buildRules = (
			);
			dependencies = (
				18A57F521CDBA26B005BEE8C /* PBXTargetDependency */,
			);
			name = shijiaUITests;
			productName = shijiaUITests;
			productReference = 18A57F501CDBA26B005BEE8C /* shijiaUITests.xctest */;
			productType = "com.apple.product-type.bundle.ui-testing";
		};
/* End PBXNativeTarget section */

/* Begin PBXProject section */
		18A57F241CDBA26B005BEE8C /* Project object */ = {
			isa = PBXProject;
			attributes = {
				CLASSPREFIX = GDW;
				LastUpgradeCheck = 0710;
				ORGANIZATIONNAME = apple;
				TargetAttributes = {
					18A57F2B1CDBA26B005BEE8C = {
						CreatedOnToolsVersion = 7.1;
						DevelopmentTeam = PSWDJYT9P2;
					};
					18A57F441CDBA26B005BEE8C = {
						CreatedOnToolsVersion = 7.1;
						DevelopmentTeam = PSWDJYT9P2;
						TestTargetID = 18A57F2B1CDBA26B005BEE8C;
					};
					18A57F4F1CDBA26B005BEE8C = {
						CreatedOnToolsVersion = 7.1;
						DevelopmentTeam = PSWDJYT9P2;
						TestTargetID = 18A57F2B1CDBA26B005BEE8C;
					};
				};
			};
			buildConfigurationList = 18A57F271CDBA26B005BEE8C /* Build configuration list for PBXProject "shijia" */;
			compatibilityVersion = "Xcode 3.2";
			developmentRegion = English;
			hasScannedForEncodings = 0;
			knownRegions = (
				en,
				Base,
			);
			mainGroup = 18A57F231CDBA26B005BEE8C;
			productRefGroup = 18A57F2D1CDBA26B005BEE8C /* Products */;
			projectDirPath = "";
			projectRoot = "";
			targets = (
				18A57F2B1CDBA26B005BEE8C /* shijia */,
				18A57F441CDBA26B005BEE8C /* shijiaTests */,
				18A57F4F1CDBA26B005BEE8C /* shijiaUITests */,
			);
		};
/* End PBXProject section */

/* Begin PBXResourcesBuildPhase section */
		18A57F2A1CDBA26B005BEE8C /* Resources */ = {
			isa = PBXResourcesBuildPhase;
			buildActionMask = 2147483647;
			files = (
				18B409EE1CEDDD60008DA7C9 /* 图片轮播器 in Resources */,
				183C42111CDF53D400ED20F3 /* 教学秀和推荐活动.plist in Resources */,
				18DA789A1CF08B8B005AC6E8 /* GDWWebViewController.xib in Resources */,
				1860506A1CDE4A8E00944E8A /* 钢琴课老师信息 in Resources */,
				18F264A51CE2E3160091B2FE /* GDWEventCell.xib in Resources */,
				18F264A01CE2D9680091B2FE /* GDWHomeTableHeaderView.xib in Resources */,
				18446C851D01D1C100323894 /* 教学点模型 in Resources */,
				183C420A1CDED9FD00ED20F3 /* 钢琴课老师信息.plist in Resources */,
				182E19F61CE49941007C0A4E /* GDWTeachPictureCell.xib in Resources */,
				18446C8A1D01D52800323894 /* 教学点模型.plist in Resources */,
				18A57F3F1CDBA26B005BEE8C /* LaunchScreen.storyboard in Resources */,
				18A57F3C1CDBA26B005BEE8C /* Assets.xcassets in Resources */,
				18B409D81CEDB18B008DA7C9 /* GDWHeaderView.xib in Resources */,
				18DA78351CEFE837005AC6E8 /* subjects.plist in Resources */,
				183C420F1CDF528400ED20F3 /* 教学秀和推荐活动 in Resources */,
				18A57F3A1CDBA26B005BEE8C /* Main.storyboard in Resources */,
			);
			runOnlyForDeploymentPostprocessing = 0;
		};
		18A57F431CDBA26B005BEE8C /* Resources */ = {
			isa = PBXResourcesBuildPhase;
			buildActionMask = 2147483647;
			files = (
			);
			runOnlyForDeploymentPostprocessing = 0;
		};
		18A57F4E1CDBA26B005BEE8C /* Resources */ = {
			isa = PBXResourcesBuildPhase;
			buildActionMask = 2147483647;
			files = (
			);
			runOnlyForDeploymentPostprocessing = 0;
		};
/* End PBXResourcesBuildPhase section */

/* Begin PBXShellScriptBuildPhase section */
		177C65C1BA34A3AB08DCCAA9 /* Embed Pods Frameworks */ = {
			isa = PBXShellScriptBuildPhase;
			buildActionMask = 2147483647;
			files = (
			);
			inputPaths = (
			);
			name = "Embed Pods Frameworks";
			outputPaths = (
			);
			runOnlyForDeploymentPostprocessing = 0;
			shellPath = /bin/sh;
			shellScript = "\"${SRCROOT}/Pods/Target Support Files/Pods/Pods-frameworks.sh\"\n";
			showEnvVarsInLog = 0;
		};
		345096355CDDB349B114A525 /* Check Pods Manifest.lock */ = {
			isa = PBXShellScriptBuildPhase;
			buildActionMask = 2147483647;
			files = (
			);
			inputPaths = (
			);
			name = "Check Pods Manifest.lock";
			outputPaths = (
			);
			runOnlyForDeploymentPostprocessing = 0;
			shellPath = /bin/sh;
			shellScript = "diff \"${PODS_ROOT}/../Podfile.lock\" \"${PODS_ROOT}/Manifest.lock\" > /dev/null\nif [[ $? != 0 ]] ; then\n    cat << EOM\nerror: The sandbox is not in sync with the Podfile.lock. Run 'pod install' or update your CocoaPods installation.\nEOM\n    exit 1\nfi\n";
			showEnvVarsInLog = 0;
		};
		F51CADEAA8397E3A5293825F /* Copy Pods Resources */ = {
			isa = PBXShellScriptBuildPhase;
			buildActionMask = 2147483647;
			files = (
			);
			inputPaths = (
			);
			name = "Copy Pods Resources";
			outputPaths = (
			);
			runOnlyForDeploymentPostprocessing = 0;
			shellPath = /bin/sh;
			shellScript = "\"${SRCROOT}/Pods/Target Support Files/Pods/Pods-resources.sh\"\n";
			showEnvVarsInLog = 0;
		};
/* End PBXShellScriptBuildPhase section */

/* Begin PBXSourcesBuildPhase section */
		18A57F281CDBA26B005BEE8C /* Sources */ = {
			isa = PBXSourcesBuildPhase;
			buildActionMask = 2147483647;
			files = (
				18F2649E1CE2D95A0091B2FE /* GDWHomeTableHeaderView.m in Sources */,
				182E19F51CE49941007C0A4E /* GDWTeachPictureCell.m in Sources */,
				18F264A41CE2E3160091B2FE /* GDWEventCell.m in Sources */,
				18A57F371CDBA26B005BEE8C /* ViewController.m in Sources */,
				18A57F341CDBA26B005BEE8C /* AppDelegate.m in Sources */,
				18A57F311CDBA26B005BEE8C /* main.m in Sources */,
				18446C881D01D44200323894 /* GDWTeachPositionModel.m in Sources */,
				183C42141CDF55B900ED20F3 /* GDWTeachPictureModel.m in Sources */,
				18DA78951CF06361005AC6E8 /* GDWButtonView.m in Sources */,
				1860505A1CDD85BA00944E8A /* GDWNavigationController.m in Sources */,
				18B409D61CEDB172008DA7C9 /* GDWHeaderView.m in Sources */,
				18B409F11CEDE09B008DA7C9 /* GDWCycPictureModel.m in Sources */,
				186050671CDDBECC00944E8A /* UIView+GDWViewGeometry.m in Sources */,
				18F264A81CE3326D0091B2FE /* GDWButtonLeftRight.m in Sources */,
				186050601CDDB8E700944E8A /* GDWButton.m in Sources */,
				183C42171CDF578F00ED20F3 /* GDWEventModel.m in Sources */,
				18B409D31CED79F9008DA7C9 /* GDWConstant.m in Sources */,
				18B409DC1CEDBBEF008DA7C9 /* GDWImageDisplayView.m in Sources */,
				186050541CDD856800944E8A /* GDWDiscoverController.m in Sources */,
				1860504E1CDD841B00944E8A /* GDWHomeViewController.m in Sources */,
				186050571CDD858300944E8A /* GDWMineController.m in Sources */,
				1860504B1CDC56EA00944E8A /* GDWTabBarController.m in Sources */,
				189FFCD41CE8C66C0021A377 /* GDWTeachPictureCollectionCell.m in Sources */,
				183C42081CDED23200ED20F3 /* NSString+JSON.m in Sources */,
				183C420D1CDF479500ED20F3 /* GDWTeacherModel.m in Sources */,
				18DA78941CF06361005AC6E8 /* GDWButtonUpDown.m in Sources */,
				183C42051CDED1D600ED20F3 /* NSDictionary+JSON.m in Sources */,
				18DA78991CF08B8B005AC6E8 /* GDWWebViewController.m in Sources */,
				1860505D1CDDB7EA00944E8A /* GDWTabBar.m in Sources */,
				186050511CDD853300944E8A /* GDWTeachPositionController.m in Sources */,
				183C42011CDED0A600ED20F3 /* DataTool.m in Sources */,
			);
			runOnlyForDeploymentPostprocessing = 0;
		};
		18A57F411CDBA26B005BEE8C /* Sources */ = {
			isa = PBXSourcesBuildPhase;
			buildActionMask = 2147483647;
			files = (
				18A57F4A1CDBA26B005BEE8C /* shijiaTests.m in Sources */,
			);
			runOnlyForDeploymentPostprocessing = 0;
		};
		18A57F4C1CDBA26B005BEE8C /* Sources */ = {
			isa = PBXSourcesBuildPhase;
			buildActionMask = 2147483647;
			files = (
				18A57F551CDBA26B005BEE8C /* shijiaUITests.m in Sources */,
			);
			runOnlyForDeploymentPostprocessing = 0;
		};
/* End PBXSourcesBuildPhase section */

/* Begin PBXTargetDependency section */
		18A57F471CDBA26B005BEE8C /* PBXTargetDependency */ = {
			isa = PBXTargetDependency;
			target = 18A57F2B1CDBA26B005BEE8C /* shijia */;
			targetProxy = 18A57F461CDBA26B005BEE8C /* PBXContainerItemProxy */;
		};
		18A57F521CDBA26B005BEE8C /* PBXTargetDependency */ = {
			isa = PBXTargetDependency;
			target = 18A57F2B1CDBA26B005BEE8C /* shijia */;
			targetProxy = 18A57F511CDBA26B005BEE8C /* PBXContainerItemProxy */;
		};
/* End PBXTargetDependency section */

/* Begin PBXVariantGroup section */
		18A57F381CDBA26B005BEE8C /* Main.storyboard */ = {
			isa = PBXVariantGroup;
			children = (
				18A57F391CDBA26B005BEE8C /* Base */,
			);
			name = Main.storyboard;
			sourceTree = "<group>";
		};
		18A57F3D1CDBA26B005BEE8C /* LaunchScreen.storyboard */ = {
			isa = PBXVariantGroup;
			children = (
				18A57F3E1CDBA26B005BEE8C /* Base */,
			);
			name = LaunchScreen.storyboard;
			sourceTree = "<group>";
		};
/* End PBXVariantGroup section */

/* Begin XCBuildConfiguration section */
		18A57F571CDBA26B005BEE8C /* Debug */ = {
			isa = XCBuildConfiguration;
			buildSettings = {
				ALWAYS_SEARCH_USER_PATHS = NO;
				CLANG_CXX_LANGUAGE_STANDARD = "gnu++0x";
				CLANG_CXX_LIBRARY = "libc++";
				CLANG_ENABLE_MODULES = YES;
				CLANG_ENABLE_OBJC_ARC = YES;
				CLANG_WARN_BOOL_CONVERSION = YES;
				CLANG_WARN_CONSTANT_CONVERSION = YES;
				CLANG_WARN_DIRECT_OBJC_ISA_USAGE = YES_ERROR;
				CLANG_WARN_EMPTY_BODY = YES;
				CLANG_WARN_ENUM_CONVERSION = YES;
				CLANG_WARN_INT_CONVERSION = YES;
				CLANG_WARN_OBJC_ROOT_CLASS = YES_ERROR;
				CLANG_WARN_UNREACHABLE_CODE = YES;
				CLANG_WARN__DUPLICATE_METHOD_MATCH = YES;
				"CODE_SIGN_IDENTITY[sdk=iphoneos*]" = "iPhone Developer";
				COPY_PHASE_STRIP = NO;
				DEBUG_INFORMATION_FORMAT = dwarf;
				ENABLE_STRICT_OBJC_MSGSEND = YES;
				ENABLE_TESTABILITY = YES;
				GCC_C_LANGUAGE_STANDARD = gnu99;
				GCC_DYNAMIC_NO_PIC = NO;
				GCC_NO_COMMON_BLOCKS = YES;
				GCC_OPTIMIZATION_LEVEL = 0;
				GCC_PREPROCESSOR_DEFINITIONS = (
					"DEBUG=1",
					"$(inherited)",
				);
				GCC_WARN_64_TO_32_BIT_CONVERSION = YES;
				GCC_WARN_ABOUT_RETURN_TYPE = YES_ERROR;
				GCC_WARN_UNDECLARED_SELECTOR = YES;
				GCC_WARN_UNINITIALIZED_AUTOS = YES_AGGRESSIVE;
				GCC_WARN_UNUSED_FUNCTION = YES;
				GCC_WARN_UNUSED_VARIABLE = YES;
				IPHONEOS_DEPLOYMENT_TARGET = 9.1;
				MTL_ENABLE_DEBUG_INFO = YES;
				ONLY_ACTIVE_ARCH = YES;
				SDKROOT = iphoneos;
				TARGETED_DEVICE_FAMILY = "1,2";
			};
			name = Debug;
		};
		18A57F581CDBA26B005BEE8C /* Release */ = {
			isa = XCBuildConfiguration;
			buildSettings = {
				ALWAYS_SEARCH_USER_PATHS = NO;
				CLANG_CXX_LANGUAGE_STANDARD = "gnu++0x";
				CLANG_CXX_LIBRARY = "libc++";
				CLANG_ENABLE_MODULES = YES;
				CLANG_ENABLE_OBJC_ARC = YES;
				CLANG_WARN_BOOL_CONVERSION = YES;
				CLANG_WARN_CONSTANT_CONVERSION = YES;
				CLANG_WARN_DIRECT_OBJC_ISA_USAGE = YES_ERROR;
				CLANG_WARN_EMPTY_BODY = YES;
				CLANG_WARN_ENUM_CONVERSION = YES;
				CLANG_WARN_INT_CONVERSION = YES;
				CLANG_WARN_OBJC_ROOT_CLASS = YES_ERROR;
				CLANG_WARN_UNREACHABLE_CODE = YES;
				CLANG_WARN__DUPLICATE_METHOD_MATCH = YES;
				"CODE_SIGN_IDENTITY[sdk=iphoneos*]" = "iPhone Developer";
				COPY_PHASE_STRIP = NO;
				DEBUG_INFORMATION_FORMAT = "dwarf-with-dsym";
				ENABLE_NS_ASSERTIONS = NO;
				ENABLE_STRICT_OBJC_MSGSEND = YES;
				GCC_C_LANGUAGE_STANDARD = gnu99;
				GCC_NO_COMMON_BLOCKS = YES;
				GCC_WARN_64_TO_32_BIT_CONVERSION = YES;
				GCC_WARN_ABOUT_RETURN_TYPE = YES_ERROR;
				GCC_WARN_UNDECLARED_SELECTOR = YES;
				GCC_WARN_UNINITIALIZED_AUTOS = YES_AGGRESSIVE;
				GCC_WARN_UNUSED_FUNCTION = YES;
				GCC_WARN_UNUSED_VARIABLE = YES;
				IPHONEOS_DEPLOYMENT_TARGET = 9.1;
				MTL_ENABLE_DEBUG_INFO = NO;
				SDKROOT = iphoneos;
				TARGETED_DEVICE_FAMILY = "1,2";
				VALIDATE_PRODUCT = YES;
			};
			name = Release;
		};
		18A57F5A1CDBA26B005BEE8C /* Debug */ = {
			isa = XCBuildConfiguration;
			baseConfigurationReference = D8A31BD41DF6E02262D1A726 /* Pods.debug.xcconfig */;
			buildSettings = {
				ASSETCATALOG_COMPILER_APPICON_NAME = AppIcon;
				CLANG_ENABLE_MODULES = YES;
				CODE_SIGN_IDENTITY = "iPhone Developer";
				GCC_INCREASE_PRECOMPILED_HEADER_SHARING = NO;
				GCC_PREFIX_HEADER = shijia/PrefixHeader.pch;
				INFOPLIST_FILE = shijia/Info.plist;
				IPHONEOS_DEPLOYMENT_TARGET = 9.0;
				LD_RUNPATH_SEARCH_PATHS = "$(inherited) @executable_path/Frameworks";
				PRODUCT_BUNDLE_IDENTIFIER = yht.shijia;
				PRODUCT_NAME = "$(TARGET_NAME)";
				SWIFT_OBJC_BRIDGING_HEADER = "shijia/classes/首页/main/other/category/shijia-Bridging-Header.h";
				SWIFT_OPTIMIZATION_LEVEL = "-Onone";
			};
			name = Debug;
		};
		18A57F5B1CDBA26B005BEE8C /* Release */ = {
			isa = XCBuildConfiguration;
			baseConfigurationReference = F06F4EA83DB45CB7F672826F /* Pods.release.xcconfig */;
			buildSettings = {
				ASSETCATALOG_COMPILER_APPICON_NAME = AppIcon;
				CLANG_ENABLE_MODULES = YES;
				CODE_SIGN_IDENTITY = "iPhone Developer";
				GCC_INCREASE_PRECOMPILED_HEADER_SHARING = NO;
				GCC_PREFIX_HEADER = shijia/PrefixHeader.pch;
				INFOPLIST_FILE = shijia/Info.plist;
				IPHONEOS_DEPLOYMENT_TARGET = 9.0;
				LD_RUNPATH_SEARCH_PATHS = "$(inherited) @executable_path/Frameworks";
				PRODUCT_BUNDLE_IDENTIFIER = yht.shijia;
				PRODUCT_NAME = "$(TARGET_NAME)";
				SWIFT_OBJC_BRIDGING_HEADER = "shijia/classes/首页/main/other/category/shijia-Bridging-Header.h";
			};
			name = Release;
		};
		18A57F5D1CDBA26B005BEE8C /* Debug */ = {
			isa = XCBuildConfiguration;
			buildSettings = {
				BUNDLE_LOADER = "$(TEST_HOST)";
				INFOPLIST_FILE = shijiaTests/Info.plist;
				LD_RUNPATH_SEARCH_PATHS = "$(inherited) @executable_path/Frameworks @loader_path/Frameworks";
				PRODUCT_BUNDLE_IDENTIFIER = yht.shijiaTests;
				PRODUCT_NAME = "$(TARGET_NAME)";
				TEST_HOST = "$(BUILT_PRODUCTS_DIR)/shijia.app/shijia";
			};
			name = Debug;
		};
		18A57F5E1CDBA26B005BEE8C /* Release */ = {
			isa = XCBuildConfiguration;
			buildSettings = {
				BUNDLE_LOADER = "$(TEST_HOST)";
				INFOPLIST_FILE = shijiaTests/Info.plist;
				LD_RUNPATH_SEARCH_PATHS = "$(inherited) @executable_path/Frameworks @loader_path/Frameworks";
				PRODUCT_BUNDLE_IDENTIFIER = yht.shijiaTests;
				PRODUCT_NAME = "$(TARGET_NAME)";
				TEST_HOST = "$(BUILT_PRODUCTS_DIR)/shijia.app/shijia";
			};
			name = Release;
		};
		18A57F601CDBA26B005BEE8C /* Debug */ = {
			isa = XCBuildConfiguration;
			buildSettings = {
				INFOPLIST_FILE = shijiaUITests/Info.plist;
				LD_RUNPATH_SEARCH_PATHS = "$(inherited) @executable_path/Frameworks @loader_path/Frameworks";
				PRODUCT_BUNDLE_IDENTIFIER = yht.shijiaUITests;
				PRODUCT_NAME = "$(TARGET_NAME)";
				TEST_TARGET_NAME = shijia;
				USES_XCTRUNNER = YES;
			};
			name = Debug;
		};
		18A57F611CDBA26B005BEE8C /* Release */ = {
			isa = XCBuildConfiguration;
			buildSettings = {
				INFOPLIST_FILE = shijiaUITests/Info.plist;
				LD_RUNPATH_SEARCH_PATHS = "$(inherited) @executable_path/Frameworks @loader_path/Frameworks";
				PRODUCT_BUNDLE_IDENTIFIER = yht.shijiaUITests;
				PRODUCT_NAME = "$(TARGET_NAME)";
				TEST_TARGET_NAME = shijia;
				USES_XCTRUNNER = YES;
			};
			name = Release;
		};
/* End XCBuildConfiguration section */

/* Begin XCConfigurationList section */
		18A57F271CDBA26B005BEE8C /* Build configuration list for PBXProject "shijia" */ = {
			isa = XCConfigurationList;
			buildConfigurations = (
				18A57F571CDBA26B005BEE8C /* Debug */,
				18A57F581CDBA26B005BEE8C /* Release */,
			);
			defaultConfigurationIsVisible = 0;
			defaultConfigurationName = Release;
		};
		18A57F591CDBA26B005BEE8C /* Build configuration list for PBXNativeTarget "shijia" */ = {
			isa = XCConfigurationList;
			buildConfigurations = (
				18A57F5A1CDBA26B005BEE8C /* Debug */,
				18A57F5B1CDBA26B005BEE8C /* Release */,
			);
			defaultConfigurationIsVisible = 0;
			defaultConfigurationName = Release;
		};
		18A57F5C1CDBA26B005BEE8C /* Build configuration list for PBXNativeTarget "shijiaTests" */ = {
			isa = XCConfigurationList;
			buildConfigurations = (
				18A57F5D1CDBA26B005BEE8C /* Debug */,
				18A57F5E1CDBA26B005BEE8C /* Release */,
			);
			defaultConfigurationIsVisible = 0;
			defaultConfigurationName = Release;
		};
		18A57F5F1CDBA26B005BEE8C /* Build configuration list for PBXNativeTarget "shijiaUITests" */ = {
			isa = XCConfigurationList;
			buildConfigurations = (
				18A57F601CDBA26B005BEE8C /* Debug */,
				18A57F611CDBA26B005BEE8C /* Release */,
			);
			defaultConfigurationIsVisible = 0;
			defaultConfigurationName = Release;
		};
/* End XCConfigurationList section */
	};
	rootObject = 18A57F241CDBA26B005BEE8C /* Project object */;
}
