// !$*UTF8*$!
{
	archiveVersion = 1;
	classes = {
	};
	objectVersion = 46;
	objects = {

/* Begin PBXBuildFile section */
		1860504B1CDC56EA00944E8A /* GDWTabBarController.m in Sources */ = {isa = PBXBuildFile; fileRef = 1860504A1CDC56EA00944E8A /* GDWTabBarController.m */; };
		1860504E1CDD841B00944E8A /* GDWHomeViewController.m in Sources */ = {isa = PBXBuildFile; fileRef = 1860504D1CDD841B00944E8A /* GDWHomeViewController.m */; };
		186050511CDD853300944E8A /* GDWTeachPositionController.m in Sources */ = {isa = PBXBuildFile; fileRef = 186050501CDD853300944E8A /* GDWTeachPositionController.m */; };
		186050541CDD856800944E8A /* GDWDiscoverController.m in Sources */ = {isa = PBXBuildFile; fileRef = 186050531CDD856800944E8A /* GDWDiscoverController.m */; };
		186050571CDD858300944E8A /* GDWMineController.m in Sources */ = {isa = PBXBuildFile; fileRef = 186050561CDD858300944E8A /* GDWMineController.m */; };
		1860505A1CDD85BA00944E8A /* GDWNavigationController.m in Sources */ = {isa = PBXBuildFile; fileRef = 186050591CDD85BA00944E8A /* GDWNavigationController.m */; };
		18A57F311CDBA26B005BEE8C /* main.m in Sources */ = {isa = PBXBuildFile; fileRef = 18A57F301CDBA26B005BEE8C /* main.m */; };
		18A57F341CDBA26B005BEE8C /* AppDelegate.m in Sources */ = {isa = PBXBuildFile; fileRef = 18A57F331CDBA26B005BEE8C /* AppDelegate.m */; };
		18A57F371CDBA26B005BEE8C /* ViewController.m in Sources */ = {isa = PBXBuildFile; fileRef = 18A57F361CDBA26B005BEE8C /* ViewController.m */; };
		18A57F3A1CDBA26B005BEE8C /* Main.storyboard in Resources */ = {isa = PBXBuildFile; fileRef = 18A57F381CDBA26B005BEE8C /* Main.storyboard */; };
		18A57F3C1CDBA26B005BEE8C /* Assets.xcassets in Resources */ = {isa = PBXBuildFile; fileRef = 18A57F3B1CDBA26B005BEE8C /* Assets.xcassets */; };
		18A57F3F1CDBA26B005BEE8C /* LaunchScreen.storyboard in Resources */ = {isa = PBXBuildFile; fileRef = 18A57F3D1CDBA26B005BEE8C /* LaunchScreen.storyboard */; };
		18A57F4A1CDBA26B005BEE8C /* shijiaTests.m in Sources */ = {isa = PBXBuildFile; fileRef = 18A57F491CDBA26B005BEE8C /* shijiaTests.m */; };
		18A57F551CDBA26B005BEE8C /* shijiaUITests.m in Sources */ = {isa = PBXBuildFile; fileRef = 18A57F541CDBA26B005BEE8C /* shijiaUITests.m */; };
		ED12DA301A16BBE6FE454A12 /* libPods.a in Frameworks */ = {isa = PBXBuildFile; fileRef = E5BE102BF0AC00887AB28FD5 /* libPods.a */; };
/* End PBXBuildFile section */

/* Begin PBXContainerItemProxy section */
		18A57F461CDBA26B005BEE8C /* PBXContainerItemProxy */ = {
			isa = PBXContainerItemProxy;
			containerPortal = 18A57F241CDBA26B005BEE8C /* Project object */;
			proxyType = 1;
			remoteGlobalIDString = 18A57F2B1CDBA26B005BEE8C;
			remoteInfo = shijia;
		};
		18A57F511CDBA26B005BEE8C /* PBXContainerItemProxy */ = {
			isa = PBXContainerItemProxy;
			containerPortal = 18A57F241CDBA26B005BEE8C /* Project object */;
			proxyType = 1;
			remoteGlobalIDString = 18A57F2B1CDBA26B005BEE8C;
			remoteInfo = shijia;
		};
/* End PBXContainerItemProxy section */

/* Begin PBXFileReference section */
		186050491CDC56EA00944E8A /* GDWTabBarController.h */ = {isa = PBXFileReference; fileEncoding = 4; lastKnownFileType = sourcecode.c.h; path = GDWTabBarController.h; sourceTree = "<group>"; };
		1860504A1CDC56EA00944E8A /* GDWTabBarController.m */ = {isa = PBXFileReference; fileEncoding = 4; lastKnownFileType = sourcecode.c.objc; path = GDWTabBarController.m; sourceTree = "<group>"; };
		1860504C1CDD841B00944E8A /* GDWHomeViewController.h */ = {isa = PBXFileReference; fileEncoding = 4; lastKnownFileType = sourcecode.c.h; path = GDWHomeViewController.h; sourceTree = "<group>"; };
		1860504D1CDD841B00944E8A /* GDWHomeViewController.m */ = {isa = PBXFileReference; fileEncoding = 4; lastKnownFileType = sourcecode.c.objc; path = GDWHomeViewController.m; sourceTree = "<group>"; };
		1860504F1CDD853300944E8A /* GDWTeachPositionController.h */ = {isa = PBXFileReference; fileEncoding = 4; lastKnownFileType = sourcecode.c.h; path = GDWTeachPositionController.h; sourceTree = "<group>"; };
		186050501CDD853300944E8A /* GDWTeachPositionController.m */ = {isa = PBXFileReference; fileEncoding = 4; lastKnownFileType = sourcecode.c.objc; path = GDWTeachPositionController.m; sourceTree = "<group>"; };
		186050521CDD856800944E8A /* GDWDiscoverController.h */ = {isa = PBXFileReference; fileEncoding = 4; lastKnownFileType = sourcecode.c.h; path = GDWDiscoverController.h; sourceTree = "<group>"; };
		186050531CDD856800944E8A /* GDWDiscoverController.m */ = {isa = PBXFileReference; fileEncoding = 4; lastKnownFileType = sourcecode.c.objc; path = GDWDiscoverController.m; sourceTree = "<group>"; };
		186050551CDD858300944E8A /* GDWMineController.h */ = {isa = PBXFileReference; fileEncoding = 4; lastKnownFileType = sourcecode.c.h; path = GDWMineController.h; sourceTree = "<group>"; };
		186050561CDD858300944E8A /* GDWMineController.m */ = {isa = PBXFileReference; fileEncoding = 4; lastKnownFileType = sourcecode.c.objc; path = GDWMineController.m; sourceTree = "<group>"; };
		186050581CDD85BA00944E8A /* GDWNavigationController.h */ = {isa = PBXFileReference; fileEncoding = 4; lastKnownFileType = sourcecode.c.h; path = GDWNavigationController.h; sourceTree = "<group>"; };
		186050591CDD85BA00944E8A /* GDWNavigationController.m */ = {isa = PBXFileReference; fileEncoding = 4; lastKnownFileType = sourcecode.c.objc; path = GDWNavigationController.m; sourceTree = "<group>"; };
		18A57F2C1CDBA26B005BEE8C /* shijia.app */ = {isa = PBXFileReference; explicitFileType = wrapper.application; includeInIndex = 0; path = shijia.app; sourceTree = BUILT_PRODUCTS_DIR; };
		18A57F301CDBA26B005BEE8C /* main.m */ = {isa = PBXFileReference; lastKnownFileType = sourcecode.c.objc; path = main.m; sourceTree = "<group>"; };
		18A57F321CDBA26B005BEE8C /* AppDelegate.h */ = {isa = PBXFileReference; lastKnownFileType = sourcecode.c.h; path = AppDelegate.h; sourceTree = "<group>"; };
		18A57F331CDBA26B005BEE8C /* AppDelegate.m */ = {isa = PBXFileReference; lastKnownFileType = sourcecode.c.objc; path = AppDelegate.m; sourceTree = "<group>"; };
		18A57F351CDBA26B005BEE8C /* ViewController.h */ = {isa = PBXFileReference; lastKnownFileType = sourcecode.c.h; path = ViewController.h; sourceTree = "<group>"; };
		18A57F361CDBA26B005BEE8C /* ViewController.m */ = {isa = PBXFileReference; lastKnownFileType = sourcecode.c.objc; path = ViewController.m; sourceTree = "<group>"; };
		18A57F391CDBA26B005BEE8C /* Base */ = {isa = PBXFileReference; lastKnownFileType = file.storyboard; name = Base; path = Base.lproj/Main.storyboard; sourceTree = "<group>"; };
		18A57F3B1CDBA26B005BEE8C /* Assets.xcassets */ = {isa = PBXFileReference; lastKnownFileType = folder.assetcatalog; path = Assets.xcassets; sourceTree = "<group>"; };
		18A57F3E1CDBA26B005BEE8C /* Base */ = {isa = PBXFileReference; lastKnownFileType = file.storyboard; name = Base; path = Base.lproj/LaunchScreen.storyboard; sourceTree = "<group>"; };
		18A57F401CDBA26B005BEE8C /* Info.plist */ = {isa = PBXFileReference; lastKnownFileType = text.plist.xml; path = Info.plist; sourceTree = "<group>"; };
		18A57F451CDBA26B005BEE8C /* shijiaTests.xctest */ = {isa = PBXFileReference; explicitFileType = wrapper.cfbundle; includeInIndex = 0; path = shijiaTests.xctest; sourceTree = BUILT_PRODUCTS_DIR; };
		18A57F491CDBA26B005BEE8C /* shijiaTests.m */ = {isa = PBXFileReference; lastKnownFileType = sourcecode.c.objc; path = shijiaTests.m; sourceTree = "<group>"; };
		18A57F4B1CDBA26B005BEE8C /* Info.plist */ = {isa = PBXFileReference; lastKnownFileType = text.plist.xml; path = Info.plist; sourceTree = "<group>"; };
		18A57F501CDBA26B005BEE8C /* shijiaUITests.xctest */ = {isa = PBXFileReference; explicitFileType = wrapper.cfbundle; includeInIndex = 0; path = shijiaUITests.xctest; sourceTree = BUILT_PRODUCTS_DIR; };
		18A57F541CDBA26B005BEE8C /* shijiaUITests.m */ = {isa = PBXFileReference; lastKnownFileType = sourcecode.c.objc; path = shijiaUITests.m; sourceTree = "<group>"; };
		18A57F561CDBA26B005BEE8C /* Info.plist */ = {isa = PBXFileReference; lastKnownFileType = text.plist.xml; path = Info.plist; sourceTree = "<group>"; };
		D8A31BD41DF6E02262D1A726 /* Pods.debug.xcconfig */ = {isa = PBXFileReference; includeInIndex = 1; lastKnownFileType = text.xcconfig; name = Pods.debug.xcconfig; path = "Pods/Target Support Files/Pods/Pods.debug.xcconfig"; sourceTree = "<group>"; };
		E5BE102BF0AC00887AB28FD5 /* libPods.a */ = {isa = PBXFileReference; explicitFileType = archive.ar; includeInIndex = 0; path = libPods.a; sourceTree = BUILT_PRODUCTS_DIR; };
		F06F4EA83DB45CB7F672826F /* Pods.release.xcconfig */ = {isa = PBXFileReference; includeInIndex = 1; lastKnownFileType = text.xcconfig; name = Pods.release.xcconfig; path = "Pods/Target Support Files/Pods/Pods.release.xcconfig"; sourceTree = "<group>"; };
/* End PBXFileReference section */

/* Begin PBXFrameworksBuildPhase section */
		18A57F291CDBA26B005BEE8C /* Frameworks */ = {
			isa = PBXFrameworksBuildPhase;
			buildActionMask = 2147483647;
			files = (
				ED12DA301A16BBE6FE454A12 /* libPods.a in Frameworks */,
			);
			runOnlyForDeploymentPostprocessing = 0;
		};
		18A57F421CDBA26B005BEE8C /* Frameworks */ = {
			isa = PBXFrameworksBuildPhase;
			buildActionMask = 2147483647;
			files = (
			);
			runOnlyForDeploymentPostprocessing = 0;
		};
		18A57F4D1CDBA26B005BEE8C /* Frameworks */ = {
			isa = PBXFrameworksBuildPhase;
			buildActionMask = 2147483647;
			files = (
			);
			runOnlyForDeploymentPostprocessing = 0;
		};
/* End PBXFrameworksBuildPhase section */

/* Begin PBXGroup section */
		186050341CDC31C800944E8A /* classes */ = {
			isa = PBXGroup;
			children = (
				186050391CDC31C800944E8A /* 我的 */,
				186050351CDC31C800944E8A /* 发现 */,
				1860503D1CDC31C800944E8A /* 教学点 */,
				186050411CDC31C800944E8A /* 首页 */,
				186050451CDC52FA00944E8A /* main */,
			);
			path = classes;
			sourceTree = "<group>";
		};
		186050351CDC31C800944E8A /* 发现 */ = {
			isa = PBXGroup;
			children = (
				186050361CDC31C800944E8A /* controller */,
				186050371CDC31C800944E8A /* model */,
				186050381CDC31C800944E8A /* view */,
			);
			path = "发现";
			sourceTree = "<group>";
		};
		186050361CDC31C800944E8A /* controller */ = {
			isa = PBXGroup;
			children = (
				186050521CDD856800944E8A /* GDWDiscoverController.h */,
				186050531CDD856800944E8A /* GDWDiscoverController.m */,
			);
			path = controller;
			sourceTree = "<group>";
		};
		186050371CDC31C800944E8A /* model */ = {
			isa = PBXGroup;
			children = (
			);
			path = model;
			sourceTree = "<group>";
		};
		186050381CDC31C800944E8A /* view */ = {
			isa = PBXGroup;
			children = (
			);
			path = view;
			sourceTree = "<group>";
		};
		186050391CDC31C800944E8A /* 我的 */ = {
			isa = PBXGroup;
			children = (
				1860503A1CDC31C800944E8A /* controller */,
				1860503B1CDC31C800944E8A /* model */,
				1860503C1CDC31C800944E8A /* view */,
			);
			path = "我的";
			sourceTree = "<group>";
		};
		1860503A1CDC31C800944E8A /* controller */ = {
			isa = PBXGroup;
			children = (
				186050551CDD858300944E8A /* GDWMineController.h */,
				186050561CDD858300944E8A /* GDWMineController.m */,
			);
			path = controller;
			sourceTree = "<group>";
		};
		1860503B1CDC31C800944E8A /* model */ = {
			isa = PBXGroup;
			children = (
			);
			path = model;
			sourceTree = "<group>";
		};
		1860503C1CDC31C800944E8A /* view */ = {
			isa = PBXGroup;
			children = (
			);
			path = view;
			sourceTree = "<group>";
		};
		1860503D1CDC31C800944E8A /* 教学点 */ = {
			isa = PBXGroup;
			children = (
				1860503E1CDC31C800944E8A /* controller */,
				1860503F1CDC31C800944E8A /* model */,
				186050401CDC31C800944E8A /* view */,
			);
			path = "教学点";
			sourceTree = "<group>";
		};
		1860503E1CDC31C800944E8A /* controller */ = {
			isa = PBXGroup;
			children = (
				1860504F1CDD853300944E8A /* GDWTeachPositionController.h */,
				186050501CDD853300944E8A /* GDWTeachPositionController.m */,
			);
			path = controller;
			sourceTree = "<group>";
		};
		1860503F1CDC31C800944E8A /* model */ = {
			isa = PBXGroup;
			children = (
			);
			path = model;
			sourceTree = "<group>";
		};
		186050401CDC31C800944E8A /* view */ = {
			isa = PBXGroup;
			children = (
			);
			path = view;
			sourceTree = "<group>";
		};
		186050411CDC31C800944E8A /* 首页 */ = {
			isa = PBXGroup;
			children = (
				186050421CDC31C800944E8A /* controller */,
				186050431CDC31C800944E8A /* model */,
				186050441CDC31C800944E8A /* view */,
			);
			path = "首页";
			sourceTree = "<group>";
		};
		186050421CDC31C800944E8A /* controller */ = {
			isa = PBXGroup;
			children = (
				1860504C1CDD841B00944E8A /* GDWHomeViewController.h */,
				1860504D1CDD841B00944E8A /* GDWHomeViewController.m */,
			);
			path = controller;
			sourceTree = "<group>";
		};
		186050431CDC31C800944E8A /* model */ = {
			isa = PBXGroup;
			children = (
			);
			path = model;
			sourceTree = "<group>";
		};
		186050441CDC31C800944E8A /* view */ = {
			isa = PBXGroup;
			children = (
			);
			path = view;
			sourceTree = "<group>";
		};
		186050451CDC52FA00944E8A /* main */ = {
			isa = PBXGroup;
			children = (
				186050461CDC52FA00944E8A /* controller */,
				186050471CDC52FA00944E8A /* model */,
				186050481CDC52FA00944E8A /* view */,
			);
			name = main;
			path = "首页/main";
			sourceTree = "<group>";
		};
		186050461CDC52FA00944E8A /* controller */ = {
			isa = PBXGroup;
			children = (
				186050491CDC56EA00944E8A /* GDWTabBarController.h */,
				1860504A1CDC56EA00944E8A /* GDWTabBarController.m */,
				186050581CDD85BA00944E8A /* GDWNavigationController.h */,
				186050591CDD85BA00944E8A /* GDWNavigationController.m */,
			);
			path = controller;
			sourceTree = "<group>";
		};
		186050471CDC52FA00944E8A /* model */ = {
			isa = PBXGroup;
			children = (
			);
			path = model;
			sourceTree = "<group>";
		};
		186050481CDC52FA00944E8A /* view */ = {
			isa = PBXGroup;
			children = (
			);
			path = view;
			sourceTree = "<group>";
		};
		18A57F231CDBA26B005BEE8C = {
			isa = PBXGroup;
			children = (
				18A57F2E1CDBA26B005BEE8C /* shijia */,
				18A57F481CDBA26B005BEE8C /* shijiaTests */,
				18A57F531CDBA26B005BEE8C /* shijiaUITests */,
				18A57F2D1CDBA26B005BEE8C /* Products */,
				AED625459CD301C83A9FA2A7 /* Pods */,
				DC00E49AEB881F457CF1DD87 /* Frameworks */,
			);
			sourceTree = "<group>";
		};
		18A57F2D1CDBA26B005BEE8C /* Products */ = {
			isa = PBXGroup;
			children = (
				18A57F2C1CDBA26B005BEE8C /* shijia.app */,
				18A57F451CDBA26B005BEE8C /* shijiaTests.xctest */,
				18A57F501CDBA26B005BEE8C /* shijiaUITests.xctest */,
			);
			name = Products;
			sourceTree = "<group>";
		};
		18A57F2E1CDBA26B005BEE8C /* shijia */ = {
			isa = PBXGroup;
			children = (
				186050341CDC31C800944E8A /* classes */,
				18A57F321CDBA26B005BEE8C /* AppDelegate.h */,
				18A57F331CDBA26B005BEE8C /* AppDelegate.m */,
				18A57F351CDBA26B005BEE8C /* ViewController.h */,
				18A57F361CDBA26B005BEE8C /* ViewController.m */,
				18A57F381CDBA26B005BEE8C /* Main.storyboard */,
				18A57F3B1CDBA26B005BEE8C /* Assets.xcassets */,
				18A57F3D1CDBA26B005BEE8C /* LaunchScreen.storyboard */,
				18A57F401CDBA26B005BEE8C /* Info.plist */,
				18A57F2F1CDBA26B005BEE8C /* Supporting Files */,
			);
			path = shijia;
			sourceTree = "<group>";
		};
		18A57F2F1CDBA26B005BEE8C /* Supporting Files */ = {
			isa = PBXGroup;
			children = (
				18A57F301CDBA26B005BEE8C /* main.m */,
			);
			name = "Supporting Files";
			sourceTree = "<group>";
		};
		18A57F481CDBA26B005BEE8C /* shijiaTests */ = {
			isa = PBXGroup;
			children = (
				18A57F491CDBA26B005BEE8C /* shijiaTests.m */,
				18A57F4B1CDBA26B005BEE8C /* Info.plist */,
			);
			path = shijiaTests;
			sourceTree = "<group>";
		};
		18A57F531CDBA26B005BEE8C /* shijiaUITests */ = {
			isa = PBXGroup;
			children = (
				18A57F541CDBA26B005BEE8C /* shijiaUITests.m */,
				18A57F561CDBA26B005BEE8C /* Info.plist */,
			);
			path = shijiaUITests;
			sourceTree = "<group>";
		};
		AED625459CD301C83A9FA2A7 /* Pods */ = {
			isa = PBXGroup;
			children = (
				D8A31BD41DF6E02262D1A726 /* Pods.debug.xcconfig */,
				F06F4EA83DB45CB7F672826F /* Pods.release.xcconfig */,
			);
			name = Pods;
			sourceTree = "<group>";
		};
		DC00E49AEB881F457CF1DD87 /* Frameworks */ = {
			isa = PBXGroup;
			children = (
				E5BE102BF0AC00887AB28FD5 /* libPods.a */,
			);
			name = Frameworks;
			sourceTree = "<group>";
		};
/* End PBXGroup section */

/* Begin PBXNativeTarget section */
		18A57F2B1CDBA26B005BEE8C /* shijia */ = {
			isa = PBXNativeTarget;
			buildConfigurationList = 18A57F591CDBA26B005BEE8C /* Build configuration list for PBXNativeTarget "shijia" */;
			buildPhases = (
				345096355CDDB349B114A525 /* Check Pods Manifest.lock */,
				18A57F281CDBA26B005BEE8C /* Sources */,
				18A57F291CDBA26B005BEE8C /* Frameworks */,
				18A57F2A1CDBA26B005BEE8C /* Resources */,
				177C65C1BA34A3AB08DCCAA9 /* Embed Pods Frameworks */,
				F51CADEAA8397E3A5293825F /* Copy Pods Resources */,
			);
			buildRules = (
			);
			dependencies = (
			);
			name = shijia;
			productName = shijia;
			productReference = 18A57F2C1CDBA26B005BEE8C /* shijia.app */;
			productType = "com.apple.product-type.application";
		};
		18A57F441CDBA26B005BEE8C /* shijiaTests */ = {
			isa = PBXNativeTarget;
			buildConfigurationList = 18A57F5C1CDBA26B005BEE8C /* Build configuration list for PBXNativeTarget "shijiaTests" */;
			buildPhases = (
				18A57F411CDBA26B005BEE8C /* Sources */,
				18A57F421CDBA26B005BEE8C /* Frameworks */,
				18A57F431CDBA26B005BEE8C /* Resources */,
			);
			buildRules = (
			);
			dependencies = (
				18A57F471CDBA26B005BEE8C /* PBXTargetDependency */,
			);
			name = shijiaTests;
			productName = shijiaTests;
			productReference = 18A57F451CDBA26B005BEE8C /* shijiaTests.xctest */;
			productType = "com.apple.product-type.bundle.unit-test";
		};
		18A57F4F1CDBA26B005BEE8C /* shijiaUITests */ = {
			isa = PBXNativeTarget;
			buildConfigurationList = 18A57F5F1CDBA26B005BEE8C /* Build configuration list for PBXNativeTarget "shijiaUITests" */;
			buildPhases = (
				18A57F4C1CDBA26B005BEE8C /* Sources */,
				18A57F4D1CDBA26B005BEE8C /* Frameworks */,
				18A57F4E1CDBA26B005BEE8C /* Resources */,
			);
			buildRules = (
			);
			dependencies = (
				18A57F521CDBA26B005BEE8C /* PBXTargetDependency */,
			);
			name = shijiaUITests;
			productName = shijiaUITests;
			productReference = 18A57F501CDBA26B005BEE8C /* shijiaUITests.xctest */;
			productType = "com.apple.product-type.bundle.ui-testing";
		};
/* End PBXNativeTarget section */

/* Begin PBXProject section */
		18A57F241CDBA26B005BEE8C /* Project object */ = {
			isa = PBXProject;
			attributes = {
				CLASSPREFIX = GDW;
				LastUpgradeCheck = 0710;
				ORGANIZATIONNAME = apple;
				TargetAttributes = {
					18A57F2B1CDBA26B005BEE8C = {
						CreatedOnToolsVersion = 7.1;
						DevelopmentTeam = PSWDJYT9P2;
					};
					18A57F441CDBA26B005BEE8C = {
						CreatedOnToolsVersion = 7.1;
						DevelopmentTeam = PSWDJYT9P2;
						TestTargetID = 18A57F2B1CDBA26B005BEE8C;
					};
					18A57F4F1CDBA26B005BEE8C = {
						CreatedOnToolsVersion = 7.1;
						DevelopmentTeam = PSWDJYT9P2;
						TestTargetID = 18A57F2B1CDBA26B005BEE8C;
					};
				};
			};
			buildConfigurationList = 18A57F271CDBA26B005BEE8C /* Build configuration list for PBXProject "shijia" */;
			compatibilityVersion = "Xcode 3.2";
			developmentRegion = English;
			hasScannedForEncodings = 0;
			knownRegions = (
				en,
				Base,
			);
			mainGroup = 18A57F231CDBA26B005BEE8C;
			productRefGroup = 18A57F2D1CDBA26B005BEE8C /* Products */;
			projectDirPath = "";
			projectRoot = "";
			targets = (
				18A57F2B1CDBA26B005BEE8C /* shijia */,
				18A57F441CDBA26B005BEE8C /* shijiaTests */,
				18A57F4F1CDBA26B005BEE8C /* shijiaUITests */,
			);
		};
/* End PBXProject section */

/* Begin PBXResourcesBuildPhase section */
		18A57F2A1CDBA26B005BEE8C /* Resources */ = {
			isa = PBXResourcesBuildPhase;
			buildActionMask = 2147483647;
			files = (
				18A57F3F1CDBA26B005BEE8C /* LaunchScreen.storyboard in Resources */,
				18A57F3C1CDBA26B005BEE8C /* Assets.xcassets in Resources */,
				18A57F3A1CDBA26B005BEE8C /* Main.storyboard in Resources */,
			);
			runOnlyForDeploymentPostprocessing = 0;
		};
		18A57F431CDBA26B005BEE8C /* Resources */ = {
			isa = PBXResourcesBuildPhase;
			buildActionMask = 2147483647;
			files = (
			);
			runOnlyForDeploymentPostprocessing = 0;
		};
		18A57F4E1CDBA26B005BEE8C /* Resources */ = {
			isa = PBXResourcesBuildPhase;
			buildActionMask = 2147483647;
			files = (
			);
			runOnlyForDeploymentPostprocessing = 0;
		};
/* End PBXResourcesBuildPhase section */

/* Begin PBXShellScriptBuildPhase section */
		177C65C1BA34A3AB08DCCAA9 /* Embed Pods Frameworks */ = {
			isa = PBXShellScriptBuildPhase;
			buildActionMask = 2147483647;
			files = (
			);
			inputPaths = (
			);
			name = "Embed Pods Frameworks";
			outputPaths = (
			);
			runOnlyForDeploymentPostprocessing = 0;
			shellPath = /bin/sh;
			shellScript = "\"${SRCROOT}/Pods/Target Support Files/Pods/Pods-frameworks.sh\"\n";
			showEnvVarsInLog = 0;
		};
		345096355CDDB349B114A525 /* Check Pods Manifest.lock */ = {
			isa = PBXShellScriptBuildPhase;
			buildActionMask = 2147483647;
			files = (
			);
			inputPaths = (
			);
			name = "Check Pods Manifest.lock";
			outputPaths = (
			);
			runOnlyForDeploymentPostprocessing = 0;
			shellPath = /bin/sh;
			shellScript = "diff \"${PODS_ROOT}/../Podfile.lock\" \"${PODS_ROOT}/Manifest.lock\" > /dev/null\nif [[ $? != 0 ]] ; then\n    cat << EOM\nerror: The sandbox is not in sync with the Podfile.lock. Run 'pod install' or update your CocoaPods installation.\nEOM\n    exit 1\nfi\n";
			showEnvVarsInLog = 0;
		};
		F51CADEAA8397E3A5293825F /* Copy Pods Resources */ = {
			isa = PBXShellScriptBuildPhase;
			buildActionMask = 2147483647;
			files = (
			);
			inputPaths = (
			);
			name = "Copy Pods Resources";
			outputPaths = (
			);
			runOnlyForDeploymentPostprocessing = 0;
			shellPath = /bin/sh;
			shellScript = "\"${SRCROOT}/Pods/Target Support Files/Pods/Pods-resources.sh\"\n";
			showEnvVarsInLog = 0;
		};
/* End PBXShellScriptBuildPhase section */

/* Begin PBXSourcesBuildPhase section */
		18A57F281CDBA26B005BEE8C /* Sources */ = {
			isa = PBXSourcesBuildPhase;
			buildActionMask = 2147483647;
			files = (
				18A57F371CDBA26B005BEE8C /* ViewController.m in Sources */,
				18A57F341CDBA26B005BEE8C /* AppDelegate.m in Sources */,
				18A57F311CDBA26B005BEE8C /* main.m in Sources */,
				1860505A1CDD85BA00944E8A /* GDWNavigationController.m in Sources */,
				186050541CDD856800944E8A /* GDWDiscoverController.m in Sources */,
				1860504E1CDD841B00944E8A /* GDWHomeViewController.m in Sources */,
				186050571CDD858300944E8A /* GDWMineController.m in Sources */,
				1860504B1CDC56EA00944E8A /* GDWTabBarController.m in Sources */,
				186050511CDD853300944E8A /* GDWTeachPositionController.m in Sources */,
			);
			runOnlyForDeploymentPostprocessing = 0;
		};
		18A57F411CDBA26B005BEE8C /* Sources */ = {
			isa = PBXSourcesBuildPhase;
			buildActionMask = 2147483647;
			files = (
				18A57F4A1CDBA26B005BEE8C /* shijiaTests.m in Sources */,
			);
			runOnlyForDeploymentPostprocessing = 0;
		};
		18A57F4C1CDBA26B005BEE8C /* Sources */ = {
			isa = PBXSourcesBuildPhase;
			buildActionMask = 2147483647;
			files = (
				18A57F551CDBA26B005BEE8C /* shijiaUITests.m in Sources */,
			);
			runOnlyForDeploymentPostprocessing = 0;
		};
/* End PBXSourcesBuildPhase section */

/* Begin PBXTargetDependency section */
		18A57F471CDBA26B005BEE8C /* PBXTargetDependency */ = {
			isa = PBXTargetDependency;
			target = 18A57F2B1CDBA26B005BEE8C /* shijia */;
			targetProxy = 18A57F461CDBA26B005BEE8C /* PBXContainerItemProxy */;
		};
		18A57F521CDBA26B005BEE8C /* PBXTargetDependency */ = {
			isa = PBXTargetDependency;
			target = 18A57F2B1CDBA26B005BEE8C /* shijia */;
			targetProxy = 18A57F511CDBA26B005BEE8C /* PBXContainerItemProxy */;
		};
/* End PBXTargetDependency section */

/* Begin PBXVariantGroup section */
		18A57F381CDBA26B005BEE8C /* Main.storyboard */ = {
			isa = PBXVariantGroup;
			children = (
				18A57F391CDBA26B005BEE8C /* Base */,
			);
			name = Main.storyboard;
			sourceTree = "<group>";
		};
		18A57F3D1CDBA26B005BEE8C /* LaunchScreen.storyboard */ = {
			isa = PBXVariantGroup;
			children = (
				18A57F3E1CDBA26B005BEE8C /* Base */,
			);
			name = LaunchScreen.storyboard;
			sourceTree = "<group>";
		};
/* End PBXVariantGroup section */

/* Begin XCBuildConfiguration section */
		18A57F571CDBA26B005BEE8C /* Debug */ = {
			isa = XCBuildConfiguration;
			buildSettings = {
				ALWAYS_SEARCH_USER_PATHS = NO;
				CLANG_CXX_LANGUAGE_STANDARD = "gnu++0x";
				CLANG_CXX_LIBRARY = "libc++";
				CLANG_ENABLE_MODULES = YES;
				CLANG_ENABLE_OBJC_ARC = YES;
				CLANG_WARN_BOOL_CONVERSION = YES;
				CLANG_WARN_CONSTANT_CONVERSION = YES;
				CLANG_WARN_DIRECT_OBJC_ISA_USAGE = YES_ERROR;
				CLANG_WARN_EMPTY_BODY = YES;
				CLANG_WARN_ENUM_CONVERSION = YES;
				CLANG_WARN_INT_CONVERSION = YES;
				CLANG_WARN_OBJC_ROOT_CLASS = YES_ERROR;
				CLANG_WARN_UNREACHABLE_CODE = YES;
				CLANG_WARN__DUPLICATE_METHOD_MATCH = YES;
				"CODE_SIGN_IDENTITY[sdk=iphoneos*]" = "iPhone Developer";
				COPY_PHASE_STRIP = NO;
				DEBUG_INFORMATION_FORMAT = dwarf;
				ENABLE_STRICT_OBJC_MSGSEND = YES;
				ENABLE_TESTABILITY = YES;
				GCC_C_LANGUAGE_STANDARD = gnu99;
				GCC_DYNAMIC_NO_PIC = NO;
				GCC_NO_COMMON_BLOCKS = YES;
				GCC_OPTIMIZATION_LEVEL = 0;
				GCC_PREPROCESSOR_DEFINITIONS = (
					"DEBUG=1",
					"$(inherited)",
				);
				GCC_WARN_64_TO_32_BIT_CONVERSION = YES;
				GCC_WARN_ABOUT_RETURN_TYPE = YES_ERROR;
				GCC_WARN_UNDECLARED_SELECTOR = YES;
				GCC_WARN_UNINITIALIZED_AUTOS = YES_AGGRESSIVE;
				GCC_WARN_UNUSED_FUNCTION = YES;
				GCC_WARN_UNUSED_VARIABLE = YES;
				IPHONEOS_DEPLOYMENT_TARGET = 9.1;
				MTL_ENABLE_DEBUG_INFO = YES;
				ONLY_ACTIVE_ARCH = YES;
				SDKROOT = iphoneos;
				TARGETED_DEVICE_FAMILY = "1,2";
			};
			name = Debug;
		};
		18A57F581CDBA26B005BEE8C /* Release */ = {
			isa = XCBuildConfiguration;
			buildSettings = {
				ALWAYS_SEARCH_USER_PATHS = NO;
				CLANG_CXX_LANGUAGE_STANDARD = "gnu++0x";
				CLANG_CXX_LIBRARY = "libc++";
				CLANG_ENABLE_MODULES = YES;
				CLANG_ENABLE_OBJC_ARC = YES;
				CLANG_WARN_BOOL_CONVERSION = YES;
				CLANG_WARN_CONSTANT_CONVERSION = YES;
				CLANG_WARN_DIRECT_OBJC_ISA_USAGE = YES_ERROR;
				CLANG_WARN_EMPTY_BODY = YES;
				CLANG_WARN_ENUM_CONVERSION = YES;
				CLANG_WARN_INT_CONVERSION = YES;
				CLANG_WARN_OBJC_ROOT_CLASS = YES_ERROR;
				CLANG_WARN_UNREACHABLE_CODE = YES;
				CLANG_WARN__DUPLICATE_METHOD_MATCH = YES;
				"CODE_SIGN_IDENTITY[sdk=iphoneos*]" = "iPhone Developer";
				COPY_PHASE_STRIP = NO;
				DEBUG_INFORMATION_FORMAT = "dwarf-with-dsym";
				ENABLE_NS_ASSERTIONS = NO;
				ENABLE_STRICT_OBJC_MSGSEND = YES;
				GCC_C_LANGUAGE_STANDARD = gnu99;
				GCC_NO_COMMON_BLOCKS = YES;
				GCC_WARN_64_TO_32_BIT_CONVERSION = YES;
				GCC_WARN_ABOUT_RETURN_TYPE = YES_ERROR;
				GCC_WARN_UNDECLARED_SELECTOR = YES;
				GCC_WARN_UNINITIALIZED_AUTOS = YES_AGGRESSIVE;
				GCC_WARN_UNUSED_FUNCTION = YES;
				GCC_WARN_UNUSED_VARIABLE = YES;
				IPHONEOS_DEPLOYMENT_TARGET = 9.1;
				MTL_ENABLE_DEBUG_INFO = NO;
				SDKROOT = iphoneos;
				TARGETED_DEVICE_FAMILY = "1,2";
				VALIDATE_PRODUCT = YES;
			};
			name = Release;
		};
		18A57F5A1CDBA26B005BEE8C /* Debug */ = {
			isa = XCBuildConfiguration;
			baseConfigurationReference = D8A31BD41DF6E02262D1A726 /* Pods.debug.xcconfig */;
			buildSettings = {
				ASSETCATALOG_COMPILER_APPICON_NAME = AppIcon;
				INFOPLIST_FILE = shijia/Info.plist;
				IPHONEOS_DEPLOYMENT_TARGET = 9.0;
				LD_RUNPATH_SEARCH_PATHS = "$(inherited) @executable_path/Frameworks";
				PRODUCT_BUNDLE_IDENTIFIER = yht.shijia;
				PRODUCT_NAME = "$(TARGET_NAME)";
			};
			name = Debug;
		};
		18A57F5B1CDBA26B005BEE8C /* Release */ = {
			isa = XCBuildConfiguration;
			baseConfigurationReference = F06F4EA83DB45CB7F672826F /* Pods.release.xcconfig */;
			buildSettings = {
				ASSETCATALOG_COMPILER_APPICON_NAME = AppIcon;
				INFOPLIST_FILE = shijia/Info.plist;
				IPHONEOS_DEPLOYMENT_TARGET = 9.0;
				LD_RUNPATH_SEARCH_PATHS = "$(inherited) @executable_path/Frameworks";
				PRODUCT_BUNDLE_IDENTIFIER = yht.shijia;
				PRODUCT_NAME = "$(TARGET_NAME)";
			};
			name = Release;
		};
		18A57F5D1CDBA26B005BEE8C /* Debug */ = {
			isa = XCBuildConfiguration;
			buildSettings = {
				BUNDLE_LOADER = "$(TEST_HOST)";
				INFOPLIST_FILE = shijiaTests/Info.plist;
				LD_RUNPATH_SEARCH_PATHS = "$(inherited) @executable_path/Frameworks @loader_path/Frameworks";
				PRODUCT_BUNDLE_IDENTIFIER = yht.shijiaTests;
				PRODUCT_NAME = "$(TARGET_NAME)";
				TEST_HOST = "$(BUILT_PRODUCTS_DIR)/shijia.app/shijia";
			};
			name = Debug;
		};
		18A57F5E1CDBA26B005BEE8C /* Release */ = {
			isa = XCBuildConfiguration;
			buildSettings = {
				BUNDLE_LOADER = "$(TEST_HOST)";
				INFOPLIST_FILE = shijiaTests/Info.plist;
				LD_RUNPATH_SEARCH_PATHS = "$(inherited) @executable_path/Frameworks @loader_path/Frameworks";
				PRODUCT_BUNDLE_IDENTIFIER = yht.shijiaTests;
				PRODUCT_NAME = "$(TARGET_NAME)";
				TEST_HOST = "$(BUILT_PRODUCTS_DIR)/shijia.app/shijia";
			};
			name = Release;
		};
		18A57F601CDBA26B005BEE8C /* Debug */ = {
			isa = XCBuildConfiguration;
			buildSettings = {
				INFOPLIST_FILE = shijiaUITests/Info.plist;
				LD_RUNPATH_SEARCH_PATHS = "$(inherited) @executable_path/Frameworks @loader_path/Frameworks";
				PRODUCT_BUNDLE_IDENTIFIER = yht.shijiaUITests;
				PRODUCT_NAME = "$(TARGET_NAME)";
				TEST_TARGET_NAME = shijia;
				USES_XCTRUNNER = YES;
			};
			name = Debug;
		};
		18A57F611CDBA26B005BEE8C /* Release */ = {
			isa = XCBuildConfiguration;
			buildSettings = {
				INFOPLIST_FILE = shijiaUITests/Info.plist;
				LD_RUNPATH_SEARCH_PATHS = "$(inherited) @executable_path/Frameworks @loader_path/Frameworks";
				PRODUCT_BUNDLE_IDENTIFIER = yht.shijiaUITests;
				PRODUCT_NAME = "$(TARGET_NAME)";
				TEST_TARGET_NAME = shijia;
				USES_XCTRUNNER = YES;
			};
			name = Release;
		};
/* End XCBuildConfiguration section */

/* Begin XCConfigurationList section */
		18A57F271CDBA26B005BEE8C /* Build configuration list for PBXProject "shijia" */ = {
			isa = XCConfigurationList;
			buildConfigurations = (
				18A57F571CDBA26B005BEE8C /* Debug */,
				18A57F581CDBA26B005BEE8C /* Release */,
			);
			defaultConfigurationIsVisible = 0;
			defaultConfigurationName = Release;
		};
		18A57F591CDBA26B005BEE8C /* Build configuration list for PBXNativeTarget "shijia" */ = {
			isa = XCConfigurationList;
			buildConfigurations = (
				18A57F5A1CDBA26B005BEE8C /* Debug */,
				18A57F5B1CDBA26B005BEE8C /* Release */,
			);
			defaultConfigurationIsVisible = 0;
			defaultConfigurationName = Release;
		};
		18A57F5C1CDBA26B005BEE8C /* Build configuration list for PBXNativeTarget "shijiaTests" */ = {
			isa = XCConfigurationList;
			buildConfigurations = (
				18A57F5D1CDBA26B005BEE8C /* Debug */,
				18A57F5E1CDBA26B005BEE8C /* Release */,
			);
			defaultConfigurationIsVisible = 0;
			defaultConfigurationName = Release;
		};
		18A57F5F1CDBA26B005BEE8C /* Build configuration list for PBXNativeTarget "shijiaUITests" */ = {
			isa = XCConfigurationList;
			buildConfigurations = (
				18A57F601CDBA26B005BEE8C /* Debug */,
				18A57F611CDBA26B005BEE8C /* Release */,
			);
			defaultConfigurationIsVisible = 0;
			defaultConfigurationName = Release;
		};
/* End XCConfigurationList section */
	};
	rootObject = 18A57F241CDBA26B005BEE8C /* Project object */;
}
